// !$*UTF8*$!
{
	archiveVersion = 1;
	classes = {
	};
	objectVersion = 46;
	objects = {

/* Begin PBXBuildFile section */
		19169F4319005B3600F822C6 /* 33-cabinet.png in Resources */ = {isa = PBXBuildFile; fileRef = 19169F4119005B3600F822C6 /* 33-cabinet.png */; };
		19169F4419005B3600F822C6 /* 33-cabinet@2x.png in Resources */ = {isa = PBXBuildFile; fileRef = 19169F4219005B3600F822C6 /* 33-cabinet@2x.png */; };
		1966CD2518DDE9C000E85CDE /* CouchbaseLite.framework in Frameworks */ = {isa = PBXBuildFile; fileRef = 1966CD2418DDE9C000E85CDE /* CouchbaseLite.framework */; };
		1966CD2718DDE9D700E85CDE /* CFNetwork.framework in Frameworks */ = {isa = PBXBuildFile; fileRef = 1966CD2618DDE9D700E85CDE /* CFNetwork.framework */; };
		1966CD2918DDE9DE00E85CDE /* Security.framework in Frameworks */ = {isa = PBXBuildFile; fileRef = 1966CD2818DDE9DE00E85CDE /* Security.framework */; };
		1966CD2B18DDE9EC00E85CDE /* SystemConfiguration.framework in Frameworks */ = {isa = PBXBuildFile; fileRef = 1966CD2A18DDE9EC00E85CDE /* SystemConfiguration.framework */; };
		1966CD2D18DDE9F300E85CDE /* libsqlite3.dylib in Frameworks */ = {isa = PBXBuildFile; fileRef = 1966CD2C18DDE9F300E85CDE /* libsqlite3.dylib */; };
		1966CD2F18DDE9FA00E85CDE /* libz.dylib in Frameworks */ = {isa = PBXBuildFile; fileRef = 1966CD2E18DDE9FA00E85CDE /* libz.dylib */; };
		1966CD3218DDF29A00E85CDE /* Database.m in Sources */ = {isa = PBXBuildFile; fileRef = 1966CD3118DDF29A00E85CDE /* Database.m */; };
		198C096218CC3F5F000C00E2 /* Foundation.framework in Frameworks */ = {isa = PBXBuildFile; fileRef = 198C096118CC3F5F000C00E2 /* Foundation.framework */; };
		198C096418CC3F5F000C00E2 /* CoreGraphics.framework in Frameworks */ = {isa = PBXBuildFile; fileRef = 198C096318CC3F5F000C00E2 /* CoreGraphics.framework */; };
		198C096618CC3F5F000C00E2 /* UIKit.framework in Frameworks */ = {isa = PBXBuildFile; fileRef = 198C096518CC3F5F000C00E2 /* UIKit.framework */; };
		198C096818CC3F5F000C00E2 /* CoreData.framework in Frameworks */ = {isa = PBXBuildFile; fileRef = 198C096718CC3F5F000C00E2 /* CoreData.framework */; };
		198C096E18CC3F5F000C00E2 /* InfoPlist.strings in Resources */ = {isa = PBXBuildFile; fileRef = 198C096C18CC3F5F000C00E2 /* InfoPlist.strings */; };
		198C097018CC3F5F000C00E2 /* main.m in Sources */ = {isa = PBXBuildFile; fileRef = 198C096F18CC3F5F000C00E2 /* main.m */; };
		198C097418CC3F5F000C00E2 /* AppDelegate.m in Sources */ = {isa = PBXBuildFile; fileRef = 198C097318CC3F5F000C00E2 /* AppDelegate.m */; };
		198C097918CC3F5F000C00E2 /* Images.xcassets in Resources */ = {isa = PBXBuildFile; fileRef = 198C097818CC3F5F000C00E2 /* Images.xcassets */; };
		198C098018CC3F5F000C00E2 /* XCTest.framework in Frameworks */ = {isa = PBXBuildFile; fileRef = 198C097F18CC3F5F000C00E2 /* XCTest.framework */; };
		198C098118CC3F5F000C00E2 /* Foundation.framework in Frameworks */ = {isa = PBXBuildFile; fileRef = 198C096118CC3F5F000C00E2 /* Foundation.framework */; };
		198C098218CC3F5F000C00E2 /* UIKit.framework in Frameworks */ = {isa = PBXBuildFile; fileRef = 198C096518CC3F5F000C00E2 /* UIKit.framework */; };
		198C098318CC3F5F000C00E2 /* CoreData.framework in Frameworks */ = {isa = PBXBuildFile; fileRef = 198C096718CC3F5F000C00E2 /* CoreData.framework */; };
		198C098B18CC3F5F000C00E2 /* InfoPlist.strings in Resources */ = {isa = PBXBuildFile; fileRef = 198C098918CC3F5F000C00E2 /* InfoPlist.strings */; };
		198C098D18CC3F5F000C00E2 /* KartenTests.m in Sources */ = {isa = PBXBuildFile; fileRef = 198C098C18CC3F5F000C00E2 /* KartenTests.m */; };
		198C099918CC493E000C00E2 /* Card.m in Sources */ = {isa = PBXBuildFile; fileRef = 198C099818CC493E000C00E2 /* Card.m */; };
		198C099D18CC4976000C00E2 /* Card+Helpers.m in Sources */ = {isa = PBXBuildFile; fileRef = 198C099C18CC4976000C00E2 /* Card+Helpers.m */; };
		198C09A018CC49E1000C00E2 /* MainViewController.m in Sources */ = {isa = PBXBuildFile; fileRef = 198C099F18CC49E1000C00E2 /* MainViewController.m */; };
		198C09A318CC4A3A000C00E2 /* CardTableView.m in Sources */ = {isa = PBXBuildFile; fileRef = 198C09A218CC4A3A000C00E2 /* CardTableView.m */; };
		198C09A618CC4A4A000C00E2 /* CardCell.m in Sources */ = {isa = PBXBuildFile; fileRef = 198C09A518CC4A4A000C00E2 /* CardCell.m */; };
		198C09A918CC4A89000C00E2 /* AddCardHeader.m in Sources */ = {isa = PBXBuildFile; fileRef = 198C09A818CC4A89000C00E2 /* AddCardHeader.m */; };
		198C09AC18CC4F10000C00E2 /* UIView+LayoutHelpers.m in Sources */ = {isa = PBXBuildFile; fileRef = 198C09AB18CC4F10000C00E2 /* UIView+LayoutHelpers.m */; };
		198C09B418CC6796000C00E2 /* UITextField+Valdiation.m in Sources */ = {isa = PBXBuildFile; fileRef = 198C09B318CC6796000C00E2 /* UITextField+Valdiation.m */; };
		198C09B718CCA1DF000C00E2 /* InfoDisplayView.m in Sources */ = {isa = PBXBuildFile; fileRef = 198C09B618CCA1DF000C00E2 /* InfoDisplayView.m */; };
		19C93317190316EC0075FA49 /* QuizViewController.m in Sources */ = {isa = PBXBuildFile; fileRef = 19C93316190316EC0075FA49 /* QuizViewController.m */; };
		19C9331A1903173F0075FA49 /* 64-zap.png in Resources */ = {isa = PBXBuildFile; fileRef = 19C933181903173F0075FA49 /* 64-zap.png */; };
		19C9331B1903173F0075FA49 /* 64-zap@2x.png in Resources */ = {isa = PBXBuildFile; fileRef = 19C933191903173F0075FA49 /* 64-zap@2x.png */; };
		19C9331E190321DD0075FA49 /* FlashCardView.m in Sources */ = {isa = PBXBuildFile; fileRef = 19C9331D190321DD0075FA49 /* FlashCardView.m */; };
		7715A2A1E6804E7E9BE72BDA /* libPods-Karten.a in Frameworks */ = {isa = PBXBuildFile; fileRef = BEA388A941074F25BA2B035A /* libPods-Karten.a */; };
/* End PBXBuildFile section */

/* Begin PBXContainerItemProxy section */
		198C098418CC3F5F000C00E2 /* PBXContainerItemProxy */ = {
			isa = PBXContainerItemProxy;
			containerPortal = 198C095618CC3F5F000C00E2 /* Project object */;
			proxyType = 1;
			remoteGlobalIDString = 198C095D18CC3F5F000C00E2;
			remoteInfo = Karten;
		};
/* End PBXContainerItemProxy section */

/* Begin PBXFileReference section */
		19169F4119005B3600F822C6 /* 33-cabinet.png */ = {isa = PBXFileReference; lastKnownFileType = image.png; path = "33-cabinet.png"; sourceTree = "<group>"; };
		19169F4219005B3600F822C6 /* 33-cabinet@2x.png */ = {isa = PBXFileReference; lastKnownFileType = image.png; path = "33-cabinet@2x.png"; sourceTree = "<group>"; };
		1966CD2418DDE9C000E85CDE /* CouchbaseLite.framework */ = {isa = PBXFileReference; lastKnownFileType = wrapper.framework; name = CouchbaseLite.framework; path = Frameworks/CouchbaseLite.framework; sourceTree = "<group>"; };
		1966CD2618DDE9D700E85CDE /* CFNetwork.framework */ = {isa = PBXFileReference; lastKnownFileType = wrapper.framework; name = CFNetwork.framework; path = System/Library/Frameworks/CFNetwork.framework; sourceTree = SDKROOT; };
		1966CD2818DDE9DE00E85CDE /* Security.framework */ = {isa = PBXFileReference; lastKnownFileType = wrapper.framework; name = Security.framework; path = System/Library/Frameworks/Security.framework; sourceTree = SDKROOT; };
		1966CD2A18DDE9EC00E85CDE /* SystemConfiguration.framework */ = {isa = PBXFileReference; lastKnownFileType = wrapper.framework; name = SystemConfiguration.framework; path = System/Library/Frameworks/SystemConfiguration.framework; sourceTree = SDKROOT; };
		1966CD2C18DDE9F300E85CDE /* libsqlite3.dylib */ = {isa = PBXFileReference; lastKnownFileType = "compiled.mach-o.dylib"; name = libsqlite3.dylib; path = usr/lib/libsqlite3.dylib; sourceTree = SDKROOT; };
		1966CD2E18DDE9FA00E85CDE /* libz.dylib */ = {isa = PBXFileReference; lastKnownFileType = "compiled.mach-o.dylib"; name = libz.dylib; path = usr/lib/libz.dylib; sourceTree = SDKROOT; };
		1966CD3018DDF29A00E85CDE /* Database.h */ = {isa = PBXFileReference; fileEncoding = 4; lastKnownFileType = sourcecode.c.h; name = Database.h; path = Classes/Database.h; sourceTree = "<group>"; };
		1966CD3118DDF29A00E85CDE /* Database.m */ = {isa = PBXFileReference; fileEncoding = 4; lastKnownFileType = sourcecode.c.objc; name = Database.m; path = Classes/Database.m; sourceTree = "<group>"; };
		198C095E18CC3F5F000C00E2 /* Karten.app */ = {isa = PBXFileReference; explicitFileType = wrapper.application; includeInIndex = 0; path = Karten.app; sourceTree = BUILT_PRODUCTS_DIR; };
		198C096118CC3F5F000C00E2 /* Foundation.framework */ = {isa = PBXFileReference; lastKnownFileType = wrapper.framework; name = Foundation.framework; path = System/Library/Frameworks/Foundation.framework; sourceTree = SDKROOT; };
		198C096318CC3F5F000C00E2 /* CoreGraphics.framework */ = {isa = PBXFileReference; lastKnownFileType = wrapper.framework; name = CoreGraphics.framework; path = System/Library/Frameworks/CoreGraphics.framework; sourceTree = SDKROOT; };
		198C096518CC3F5F000C00E2 /* UIKit.framework */ = {isa = PBXFileReference; lastKnownFileType = wrapper.framework; name = UIKit.framework; path = System/Library/Frameworks/UIKit.framework; sourceTree = SDKROOT; };
		198C096718CC3F5F000C00E2 /* CoreData.framework */ = {isa = PBXFileReference; lastKnownFileType = wrapper.framework; name = CoreData.framework; path = System/Library/Frameworks/CoreData.framework; sourceTree = SDKROOT; };
		198C096B18CC3F5F000C00E2 /* Karten-Info.plist */ = {isa = PBXFileReference; lastKnownFileType = text.plist.xml; path = "Karten-Info.plist"; sourceTree = "<group>"; };
		198C096D18CC3F5F000C00E2 /* en */ = {isa = PBXFileReference; lastKnownFileType = text.plist.strings; name = en; path = en.lproj/InfoPlist.strings; sourceTree = "<group>"; };
		198C096F18CC3F5F000C00E2 /* main.m */ = {isa = PBXFileReference; lastKnownFileType = sourcecode.c.objc; path = main.m; sourceTree = "<group>"; };
		198C097118CC3F5F000C00E2 /* Karten-Prefix.pch */ = {isa = PBXFileReference; lastKnownFileType = sourcecode.c.h; path = "Karten-Prefix.pch"; sourceTree = "<group>"; };
		198C097218CC3F5F000C00E2 /* AppDelegate.h */ = {isa = PBXFileReference; lastKnownFileType = sourcecode.c.h; path = AppDelegate.h; sourceTree = "<group>"; };
		198C097318CC3F5F000C00E2 /* AppDelegate.m */ = {isa = PBXFileReference; lastKnownFileType = sourcecode.c.objc; path = AppDelegate.m; sourceTree = "<group>"; };
		198C097818CC3F5F000C00E2 /* Images.xcassets */ = {isa = PBXFileReference; lastKnownFileType = folder.assetcatalog; path = Images.xcassets; sourceTree = "<group>"; };
		198C097E18CC3F5F000C00E2 /* KartenTests.xctest */ = {isa = PBXFileReference; explicitFileType = wrapper.cfbundle; includeInIndex = 0; path = KartenTests.xctest; sourceTree = BUILT_PRODUCTS_DIR; };
		198C097F18CC3F5F000C00E2 /* XCTest.framework */ = {isa = PBXFileReference; lastKnownFileType = wrapper.framework; name = XCTest.framework; path = Library/Frameworks/XCTest.framework; sourceTree = DEVELOPER_DIR; };
		198C098818CC3F5F000C00E2 /* KartenTests-Info.plist */ = {isa = PBXFileReference; lastKnownFileType = text.plist.xml; path = "KartenTests-Info.plist"; sourceTree = "<group>"; };
		198C098A18CC3F5F000C00E2 /* en */ = {isa = PBXFileReference; lastKnownFileType = text.plist.strings; name = en; path = en.lproj/InfoPlist.strings; sourceTree = "<group>"; };
		198C098C18CC3F5F000C00E2 /* KartenTests.m */ = {isa = PBXFileReference; lastKnownFileType = sourcecode.c.objc; path = KartenTests.m; sourceTree = "<group>"; };
		198C099718CC493E000C00E2 /* Card.h */ = {isa = PBXFileReference; fileEncoding = 4; lastKnownFileType = sourcecode.c.h; name = Card.h; path = Classes/Card.h; sourceTree = "<group>"; };
		198C099818CC493E000C00E2 /* Card.m */ = {isa = PBXFileReference; fileEncoding = 4; lastKnownFileType = sourcecode.c.objc; name = Card.m; path = Classes/Card.m; sourceTree = "<group>"; };
		198C099B18CC4976000C00E2 /* Card+Helpers.h */ = {isa = PBXFileReference; fileEncoding = 4; lastKnownFileType = sourcecode.c.h; name = "Card+Helpers.h"; path = "Classes/Card+Helpers.h"; sourceTree = "<group>"; };
		198C099C18CC4976000C00E2 /* Card+Helpers.m */ = {isa = PBXFileReference; fileEncoding = 4; lastKnownFileType = sourcecode.c.objc; name = "Card+Helpers.m"; path = "Classes/Card+Helpers.m"; sourceTree = "<group>"; };
		198C099E18CC49E1000C00E2 /* MainViewController.h */ = {isa = PBXFileReference; fileEncoding = 4; lastKnownFileType = sourcecode.c.h; name = MainViewController.h; path = Classes/MainViewController.h; sourceTree = "<group>"; };
		198C099F18CC49E1000C00E2 /* MainViewController.m */ = {isa = PBXFileReference; fileEncoding = 4; lastKnownFileType = sourcecode.c.objc; name = MainViewController.m; path = Classes/MainViewController.m; sourceTree = "<group>"; };
		198C09A118CC4A3A000C00E2 /* CardTableView.h */ = {isa = PBXFileReference; fileEncoding = 4; lastKnownFileType = sourcecode.c.h; name = CardTableView.h; path = Classes/CardTableView.h; sourceTree = "<group>"; };
		198C09A218CC4A3A000C00E2 /* CardTableView.m */ = {isa = PBXFileReference; fileEncoding = 4; lastKnownFileType = sourcecode.c.objc; name = CardTableView.m; path = Classes/CardTableView.m; sourceTree = "<group>"; };
		198C09A418CC4A4A000C00E2 /* CardCell.h */ = {isa = PBXFileReference; fileEncoding = 4; lastKnownFileType = sourcecode.c.h; name = CardCell.h; path = Classes/CardCell.h; sourceTree = "<group>"; };
		198C09A518CC4A4A000C00E2 /* CardCell.m */ = {isa = PBXFileReference; fileEncoding = 4; lastKnownFileType = sourcecode.c.objc; name = CardCell.m; path = Classes/CardCell.m; sourceTree = "<group>"; };
		198C09A718CC4A89000C00E2 /* AddCardHeader.h */ = {isa = PBXFileReference; fileEncoding = 4; lastKnownFileType = sourcecode.c.h; name = AddCardHeader.h; path = Classes/AddCardHeader.h; sourceTree = "<group>"; };
		198C09A818CC4A89000C00E2 /* AddCardHeader.m */ = {isa = PBXFileReference; fileEncoding = 4; lastKnownFileType = sourcecode.c.objc; name = AddCardHeader.m; path = Classes/AddCardHeader.m; sourceTree = "<group>"; };
		198C09AA18CC4F10000C00E2 /* UIView+LayoutHelpers.h */ = {isa = PBXFileReference; fileEncoding = 4; lastKnownFileType = sourcecode.c.h; path = "UIView+LayoutHelpers.h"; sourceTree = "<group>"; };
		198C09AB18CC4F10000C00E2 /* UIView+LayoutHelpers.m */ = {isa = PBXFileReference; fileEncoding = 4; lastKnownFileType = sourcecode.c.objc; path = "UIView+LayoutHelpers.m"; sourceTree = "<group>"; };
		198C09AD18CC60A5000C00E2 /* KartenModelHelpers.h */ = {isa = PBXFileReference; lastKnownFileType = sourcecode.c.h; path = KartenModelHelpers.h; sourceTree = "<group>"; };
		198C09B218CC6796000C00E2 /* UITextField+Valdiation.h */ = {isa = PBXFileReference; fileEncoding = 4; lastKnownFileType = sourcecode.c.h; name = "UITextField+Valdiation.h"; path = "Classes/UITextField+Valdiation.h"; sourceTree = "<group>"; };
		198C09B318CC6796000C00E2 /* UITextField+Valdiation.m */ = {isa = PBXFileReference; fileEncoding = 4; lastKnownFileType = sourcecode.c.objc; name = "UITextField+Valdiation.m"; path = "Classes/UITextField+Valdiation.m"; sourceTree = "<group>"; };
		198C09B518CCA1DF000C00E2 /* InfoDisplayView.h */ = {isa = PBXFileReference; fileEncoding = 4; lastKnownFileType = sourcecode.c.h; name = InfoDisplayView.h; path = Classes/InfoDisplayView.h; sourceTree = "<group>"; };
		198C09B618CCA1DF000C00E2 /* InfoDisplayView.m */ = {isa = PBXFileReference; fileEncoding = 4; lastKnownFileType = sourcecode.c.objc; name = InfoDisplayView.m; path = Classes/InfoDisplayView.m; sourceTree = "<group>"; };
		19C93315190316EC0075FA49 /* QuizViewController.h */ = {isa = PBXFileReference; fileEncoding = 4; lastKnownFileType = sourcecode.c.h; name = QuizViewController.h; path = Classes/QuizViewController.h; sourceTree = "<group>"; };
		19C93316190316EC0075FA49 /* QuizViewController.m */ = {isa = PBXFileReference; fileEncoding = 4; lastKnownFileType = sourcecode.c.objc; name = QuizViewController.m; path = Classes/QuizViewController.m; sourceTree = "<group>"; };
		19C933181903173F0075FA49 /* 64-zap.png */ = {isa = PBXFileReference; lastKnownFileType = image.png; name = "64-zap.png"; path = "../../../../../../../../Users/akfreas/Documents/GlyphishPro/icons/icons-white/64-zap.png"; sourceTree = "<group>"; };
		19C933191903173F0075FA49 /* 64-zap@2x.png */ = {isa = PBXFileReference; lastKnownFileType = image.png; name = "64-zap@2x.png"; path = "../../../../../../../../Users/akfreas/Documents/GlyphishPro/icons/icons-white/64-zap@2x.png"; sourceTree = "<group>"; };
		19C9331C190321DD0075FA49 /* FlashCardView.h */ = {isa = PBXFileReference; fileEncoding = 4; lastKnownFileType = sourcecode.c.h; name = FlashCardView.h; path = Classes/FlashCardView.h; sourceTree = "<group>"; };
		19C9331D190321DD0075FA49 /* FlashCardView.m */ = {isa = PBXFileReference; fileEncoding = 4; lastKnownFileType = sourcecode.c.objc; name = FlashCardView.m; path = Classes/FlashCardView.m; sourceTree = "<group>"; };
		6258AB6A03404D34B77A0731 /* Pods-Karten.xcconfig */ = {isa = PBXFileReference; includeInIndex = 1; lastKnownFileType = text.xcconfig; name = "Pods-Karten.xcconfig"; path = "Pods/Pods-Karten.xcconfig"; sourceTree = "<group>"; };
		BEA388A941074F25BA2B035A /* libPods-Karten.a */ = {isa = PBXFileReference; explicitFileType = archive.ar; includeInIndex = 0; path = "libPods-Karten.a"; sourceTree = BUILT_PRODUCTS_DIR; };
/* End PBXFileReference section */

/* Begin PBXFrameworksBuildPhase section */
		198C095B18CC3F5F000C00E2 /* Frameworks */ = {
			isa = PBXFrameworksBuildPhase;
			buildActionMask = 2147483647;
			files = (
				1966CD2F18DDE9FA00E85CDE /* libz.dylib in Frameworks */,
				1966CD2D18DDE9F300E85CDE /* libsqlite3.dylib in Frameworks */,
				1966CD2B18DDE9EC00E85CDE /* SystemConfiguration.framework in Frameworks */,
				1966CD2918DDE9DE00E85CDE /* Security.framework in Frameworks */,
				1966CD2718DDE9D700E85CDE /* CFNetwork.framework in Frameworks */,
				1966CD2518DDE9C000E85CDE /* CouchbaseLite.framework in Frameworks */,
				198C096418CC3F5F000C00E2 /* CoreGraphics.framework in Frameworks */,
				198C096818CC3F5F000C00E2 /* CoreData.framework in Frameworks */,
				198C096618CC3F5F000C00E2 /* UIKit.framework in Frameworks */,
				198C096218CC3F5F000C00E2 /* Foundation.framework in Frameworks */,
				7715A2A1E6804E7E9BE72BDA /* libPods-Karten.a in Frameworks */,
			);
			runOnlyForDeploymentPostprocessing = 0;
		};
		198C097B18CC3F5F000C00E2 /* Frameworks */ = {
			isa = PBXFrameworksBuildPhase;
			buildActionMask = 2147483647;
			files = (
				198C098018CC3F5F000C00E2 /* XCTest.framework in Frameworks */,
				198C098318CC3F5F000C00E2 /* CoreData.framework in Frameworks */,
				198C098218CC3F5F000C00E2 /* UIKit.framework in Frameworks */,
				198C098118CC3F5F000C00E2 /* Foundation.framework in Frameworks */,
			);
			runOnlyForDeploymentPostprocessing = 0;
		};
/* End PBXFrameworksBuildPhase section */

/* Begin PBXGroup section */
		198C095518CC3F5F000C00E2 = {
			isa = PBXGroup;
			children = (
				198C096918CC3F5F000C00E2 /* Karten */,
				198C098618CC3F5F000C00E2 /* KartenTests */,
				198C096018CC3F5F000C00E2 /* Frameworks */,
				198C095F18CC3F5F000C00E2 /* Products */,
				6258AB6A03404D34B77A0731 /* Pods-Karten.xcconfig */,
			);
			sourceTree = "<group>";
		};
		198C095F18CC3F5F000C00E2 /* Products */ = {
			isa = PBXGroup;
			children = (
				198C095E18CC3F5F000C00E2 /* Karten.app */,
				198C097E18CC3F5F000C00E2 /* KartenTests.xctest */,
			);
			name = Products;
			sourceTree = "<group>";
		};
		198C096018CC3F5F000C00E2 /* Frameworks */ = {
			isa = PBXGroup;
			children = (
				1966CD2E18DDE9FA00E85CDE /* libz.dylib */,
				1966CD2C18DDE9F300E85CDE /* libsqlite3.dylib */,
				1966CD2A18DDE9EC00E85CDE /* SystemConfiguration.framework */,
				1966CD2818DDE9DE00E85CDE /* Security.framework */,
				1966CD2618DDE9D700E85CDE /* CFNetwork.framework */,
				1966CD2418DDE9C000E85CDE /* CouchbaseLite.framework */,
				198C096118CC3F5F000C00E2 /* Foundation.framework */,
				198C096318CC3F5F000C00E2 /* CoreGraphics.framework */,
				198C096518CC3F5F000C00E2 /* UIKit.framework */,
				198C096718CC3F5F000C00E2 /* CoreData.framework */,
				198C097F18CC3F5F000C00E2 /* XCTest.framework */,
				BEA388A941074F25BA2B035A /* libPods-Karten.a */,
			);
			name = Frameworks;
			sourceTree = "<group>";
		};
		198C096918CC3F5F000C00E2 /* Karten */ = {
			isa = PBXGroup;
			children = (
				198C09AE18CC674C000C00E2 /* Helpers */,
				198C099618CC48E8000C00E2 /* Models */,
				198C097218CC3F5F000C00E2 /* AppDelegate.h */,
				198C097318CC3F5F000C00E2 /* AppDelegate.m */,
				198C099E18CC49E1000C00E2 /* MainViewController.h */,
				198C099F18CC49E1000C00E2 /* MainViewController.m */,
				19C93315190316EC0075FA49 /* QuizViewController.h */,
				19C93316190316EC0075FA49 /* QuizViewController.m */,
				198C09A118CC4A3A000C00E2 /* CardTableView.h */,
				198C09A218CC4A3A000C00E2 /* CardTableView.m */,
				1966CD3018DDF29A00E85CDE /* Database.h */,
				1966CD3118DDF29A00E85CDE /* Database.m */,
				198C09A418CC4A4A000C00E2 /* CardCell.h */,
				198C09A518CC4A4A000C00E2 /* CardCell.m */,
				198C09B518CCA1DF000C00E2 /* InfoDisplayView.h */,
				198C09B618CCA1DF000C00E2 /* InfoDisplayView.m */,
				19C9331C190321DD0075FA49 /* FlashCardView.h */,
				19C9331D190321DD0075FA49 /* FlashCardView.m */,
				198C09A718CC4A89000C00E2 /* AddCardHeader.h */,
				198C09A818CC4A89000C00E2 /* AddCardHeader.m */,
				19169F4119005B3600F822C6 /* 33-cabinet.png */,
				19169F4219005B3600F822C6 /* 33-cabinet@2x.png */,
				19C933181903173F0075FA49 /* 64-zap.png */,
				19C933191903173F0075FA49 /* 64-zap@2x.png */,
				198C097818CC3F5F000C00E2 /* Images.xcassets */,
				198C096A18CC3F5F000C00E2 /* Supporting Files */,
			);
			path = Karten;
			sourceTree = "<group>";
		};
		198C096A18CC3F5F000C00E2 /* Supporting Files */ = {
			isa = PBXGroup;
			children = (
				198C096B18CC3F5F000C00E2 /* Karten-Info.plist */,
				198C096C18CC3F5F000C00E2 /* InfoPlist.strings */,
				198C096F18CC3F5F000C00E2 /* main.m */,
				198C097118CC3F5F000C00E2 /* Karten-Prefix.pch */,
				198C09AD18CC60A5000C00E2 /* KartenModelHelpers.h */,
			);
			name = "Supporting Files";
			sourceTree = "<group>";
		};
		198C098618CC3F5F000C00E2 /* KartenTests */ = {
			isa = PBXGroup;
			children = (
				198C098C18CC3F5F000C00E2 /* KartenTests.m */,
				198C098718CC3F5F000C00E2 /* Supporting Files */,
			);
			path = KartenTests;
			sourceTree = "<group>";
		};
		198C098718CC3F5F000C00E2 /* Supporting Files */ = {
			isa = PBXGroup;
			children = (
				198C098818CC3F5F000C00E2 /* KartenTests-Info.plist */,
				198C098918CC3F5F000C00E2 /* InfoPlist.strings */,
			);
			name = "Supporting Files";
			sourceTree = "<group>";
		};
		198C099618CC48E8000C00E2 /* Models */ = {
			isa = PBXGroup;
			children = (
				198C099A18CC4957000C00E2 /* Helpers */,
				198C099718CC493E000C00E2 /* Card.h */,
				198C099818CC493E000C00E2 /* Card.m */,
			);
			name = Models;
			sourceTree = "<group>";
		};
		198C099A18CC4957000C00E2 /* Helpers */ = {
			isa = PBXGroup;
			children = (
				198C099B18CC4976000C00E2 /* Card+Helpers.h */,
				198C099C18CC4976000C00E2 /* Card+Helpers.m */,
			);
			name = Helpers;
			sourceTree = "<group>";
		};
		198C09AE18CC674C000C00E2 /* Helpers */ = {
			isa = PBXGroup;
			children = (
				198C09AA18CC4F10000C00E2 /* UIView+LayoutHelpers.h */,
				198C09AB18CC4F10000C00E2 /* UIView+LayoutHelpers.m */,
				198C09B218CC6796000C00E2 /* UITextField+Valdiation.h */,
				198C09B318CC6796000C00E2 /* UITextField+Valdiation.m */,
			);
			name = Helpers;
			sourceTree = "<group>";
		};
/* End PBXGroup section */

/* Begin PBXNativeTarget section */
		198C095D18CC3F5F000C00E2 /* Karten */ = {
			isa = PBXNativeTarget;
			buildConfigurationList = 198C099018CC3F5F000C00E2 /* Build configuration list for PBXNativeTarget "Karten" */;
			buildPhases = (
				856598AB8CB14485950C186A /* Check Pods Manifest.lock */,
				198C095A18CC3F5F000C00E2 /* Sources */,
				198C095B18CC3F5F000C00E2 /* Frameworks */,
				198C095C18CC3F5F000C00E2 /* Resources */,
				0E292E6B4BA64EF9B9F5B221 /* Copy Pods Resources */,
			);
			buildRules = (
			);
			dependencies = (
			);
			name = Karten;
			productName = Karten;
			productReference = 198C095E18CC3F5F000C00E2 /* Karten.app */;
			productType = "com.apple.product-type.application";
		};
		198C097D18CC3F5F000C00E2 /* KartenTests */ = {
			isa = PBXNativeTarget;
			buildConfigurationList = 198C099318CC3F5F000C00E2 /* Build configuration list for PBXNativeTarget "KartenTests" */;
			buildPhases = (
				198C097A18CC3F5F000C00E2 /* Sources */,
				198C097B18CC3F5F000C00E2 /* Frameworks */,
				198C097C18CC3F5F000C00E2 /* Resources */,
			);
			buildRules = (
			);
			dependencies = (
				198C098518CC3F5F000C00E2 /* PBXTargetDependency */,
			);
			name = KartenTests;
			productName = KartenTests;
			productReference = 198C097E18CC3F5F000C00E2 /* KartenTests.xctest */;
			productType = "com.apple.product-type.bundle.unit-test";
		};
/* End PBXNativeTarget section */

/* Begin PBXProject section */
		198C095618CC3F5F000C00E2 /* Project object */ = {
			isa = PBXProject;
			attributes = {
				LastUpgradeCheck = 0500;
				ORGANIZATIONNAME = Sashimiblade;
				TargetAttributes = {
					198C097D18CC3F5F000C00E2 = {
						TestTargetID = 198C095D18CC3F5F000C00E2;
					};
				};
			};
			buildConfigurationList = 198C095918CC3F5F000C00E2 /* Build configuration list for PBXProject "Karten" */;
			compatibilityVersion = "Xcode 3.2";
			developmentRegion = English;
			hasScannedForEncodings = 0;
			knownRegions = (
				en,
			);
			mainGroup = 198C095518CC3F5F000C00E2;
			productRefGroup = 198C095F18CC3F5F000C00E2 /* Products */;
			projectDirPath = "";
			projectRoot = "";
			targets = (
				198C095D18CC3F5F000C00E2 /* Karten */,
				198C097D18CC3F5F000C00E2 /* KartenTests */,
			);
		};
/* End PBXProject section */

/* Begin PBXResourcesBuildPhase section */
		198C095C18CC3F5F000C00E2 /* Resources */ = {
			isa = PBXResourcesBuildPhase;
			buildActionMask = 2147483647;
			files = (
				198C096E18CC3F5F000C00E2 /* InfoPlist.strings in Resources */,
				19C9331A1903173F0075FA49 /* 64-zap.png in Resources */,
				19169F4319005B3600F822C6 /* 33-cabinet.png in Resources */,
				198C097918CC3F5F000C00E2 /* Images.xcassets in Resources */,
				19C9331B1903173F0075FA49 /* 64-zap@2x.png in Resources */,
				19169F4419005B3600F822C6 /* 33-cabinet@2x.png in Resources */,
			);
			runOnlyForDeploymentPostprocessing = 0;
		};
		198C097C18CC3F5F000C00E2 /* Resources */ = {
			isa = PBXResourcesBuildPhase;
			buildActionMask = 2147483647;
			files = (
				198C098B18CC3F5F000C00E2 /* InfoPlist.strings in Resources */,
			);
			runOnlyForDeploymentPostprocessing = 0;
		};
/* End PBXResourcesBuildPhase section */

/* Begin PBXShellScriptBuildPhase section */
		0E292E6B4BA64EF9B9F5B221 /* Copy Pods Resources */ = {
			isa = PBXShellScriptBuildPhase;
			buildActionMask = 2147483647;
			files = (
			);
			inputPaths = (
			);
			name = "Copy Pods Resources";
			outputPaths = (
			);
			runOnlyForDeploymentPostprocessing = 0;
			shellPath = /bin/sh;
			shellScript = "\"${SRCROOT}/Pods/Pods-Karten-resources.sh\"\n";
			showEnvVarsInLog = 0;
		};
		856598AB8CB14485950C186A /* Check Pods Manifest.lock */ = {
			isa = PBXShellScriptBuildPhase;
			buildActionMask = 2147483647;
			files = (
			);
			inputPaths = (
			);
			name = "Check Pods Manifest.lock";
			outputPaths = (
			);
			runOnlyForDeploymentPostprocessing = 0;
			shellPath = /bin/sh;
			shellScript = "diff \"${PODS_ROOT}/../Podfile.lock\" \"${PODS_ROOT}/Manifest.lock\" > /dev/null\nif [[ $? != 0 ]] ; then\n    cat << EOM\nerror: The sandbox is not in sync with the Podfile.lock. Run 'pod install' or update your CocoaPods installation.\nEOM\n    exit 1\nfi\n";
			showEnvVarsInLog = 0;
		};
/* End PBXShellScriptBuildPhase section */

/* Begin PBXSourcesBuildPhase section */
		198C095A18CC3F5F000C00E2 /* Sources */ = {
			isa = PBXSourcesBuildPhase;
			buildActionMask = 2147483647;
			files = (
				198C09B418CC6796000C00E2 /* UITextField+Valdiation.m in Sources */,
				1966CD3218DDF29A00E85CDE /* Database.m in Sources */,
				198C097418CC3F5F000C00E2 /* AppDelegate.m in Sources */,
				19C9331E190321DD0075FA49 /* FlashCardView.m in Sources */,
				198C09A018CC49E1000C00E2 /* MainViewController.m in Sources */,
				198C099D18CC4976000C00E2 /* Card+Helpers.m in Sources */,
				198C09B718CCA1DF000C00E2 /* InfoDisplayView.m in Sources */,
				198C097018CC3F5F000C00E2 /* main.m in Sources */,
				19C93317190316EC0075FA49 /* QuizViewController.m in Sources */,
				198C09A918CC4A89000C00E2 /* AddCardHeader.m in Sources */,
				198C09A318CC4A3A000C00E2 /* CardTableView.m in Sources */,
				198C099918CC493E000C00E2 /* Card.m in Sources */,
				198C09AC18CC4F10000C00E2 /* UIView+LayoutHelpers.m in Sources */,
				198C09A618CC4A4A000C00E2 /* CardCell.m in Sources */,
			);
			runOnlyForDeploymentPostprocessing = 0;
		};
		198C097A18CC3F5F000C00E2 /* Sources */ = {
			isa = PBXSourcesBuildPhase;
			buildActionMask = 2147483647;
			files = (
				198C098D18CC3F5F000C00E2 /* KartenTests.m in Sources */,
			);
			runOnlyForDeploymentPostprocessing = 0;
		};
/* End PBXSourcesBuildPhase section */

/* Begin PBXTargetDependency section */
		198C098518CC3F5F000C00E2 /* PBXTargetDependency */ = {
			isa = PBXTargetDependency;
			target = 198C095D18CC3F5F000C00E2 /* Karten */;
			targetProxy = 198C098418CC3F5F000C00E2 /* PBXContainerItemProxy */;
		};
/* End PBXTargetDependency section */

/* Begin PBXVariantGroup section */
		198C096C18CC3F5F000C00E2 /* InfoPlist.strings */ = {
			isa = PBXVariantGroup;
			children = (
				198C096D18CC3F5F000C00E2 /* en */,
			);
			name = InfoPlist.strings;
			sourceTree = "<group>";
		};
		198C098918CC3F5F000C00E2 /* InfoPlist.strings */ = {
			isa = PBXVariantGroup;
			children = (
				198C098A18CC3F5F000C00E2 /* en */,
			);
			name = InfoPlist.strings;
			sourceTree = "<group>";
		};
/* End PBXVariantGroup section */

/* Begin XCBuildConfiguration section */
		198C098E18CC3F5F000C00E2 /* Debug */ = {
			isa = XCBuildConfiguration;
			buildSettings = {
				ALWAYS_SEARCH_USER_PATHS = NO;
				ARCHS = "$(ARCHS_STANDARD_INCLUDING_64_BIT)";
				CLANG_CXX_LANGUAGE_STANDARD = "gnu++0x";
				CLANG_CXX_LIBRARY = "libc++";
				CLANG_ENABLE_MODULES = YES;
				CLANG_ENABLE_OBJC_ARC = YES;
				CLANG_WARN_BOOL_CONVERSION = YES;
				CLANG_WARN_CONSTANT_CONVERSION = YES;
				CLANG_WARN_DIRECT_OBJC_ISA_USAGE = YES_ERROR;
				CLANG_WARN_EMPTY_BODY = YES;
				CLANG_WARN_ENUM_CONVERSION = YES;
				CLANG_WARN_INT_CONVERSION = YES;
				CLANG_WARN_OBJC_ROOT_CLASS = YES_ERROR;
				CLANG_WARN__DUPLICATE_METHOD_MATCH = YES;
				"CODE_SIGN_IDENTITY[sdk=iphoneos*]" = "iPhone Developer";
				COPY_PHASE_STRIP = NO;
				GCC_C_LANGUAGE_STANDARD = gnu99;
				GCC_DYNAMIC_NO_PIC = NO;
				GCC_OPTIMIZATION_LEVEL = 0;
				GCC_PREPROCESSOR_DEFINITIONS = (
					"DEBUG=1",
					"$(inherited)",
				);
				GCC_SYMBOLS_PRIVATE_EXTERN = NO;
				GCC_WARN_64_TO_32_BIT_CONVERSION = YES;
				GCC_WARN_ABOUT_RETURN_TYPE = YES_ERROR;
				GCC_WARN_UNDECLARED_SELECTOR = YES;
				GCC_WARN_UNINITIALIZED_AUTOS = YES;
				GCC_WARN_UNUSED_FUNCTION = YES;
				GCC_WARN_UNUSED_VARIABLE = YES;
				IPHONEOS_DEPLOYMENT_TARGET = 7.0;
				ONLY_ACTIVE_ARCH = YES;
				SDKROOT = iphoneos;
				TARGETED_DEVICE_FAMILY = "1,2";
			};
			name = Debug;
		};
		198C098F18CC3F5F000C00E2 /* Release */ = {
			isa = XCBuildConfiguration;
			buildSettings = {
				ALWAYS_SEARCH_USER_PATHS = NO;
				ARCHS = "$(ARCHS_STANDARD_INCLUDING_64_BIT)";
				CLANG_CXX_LANGUAGE_STANDARD = "gnu++0x";
				CLANG_CXX_LIBRARY = "libc++";
				CLANG_ENABLE_MODULES = YES;
				CLANG_ENABLE_OBJC_ARC = YES;
				CLANG_WARN_BOOL_CONVERSION = YES;
				CLANG_WARN_CONSTANT_CONVERSION = YES;
				CLANG_WARN_DIRECT_OBJC_ISA_USAGE = YES_ERROR;
				CLANG_WARN_EMPTY_BODY = YES;
				CLANG_WARN_ENUM_CONVERSION = YES;
				CLANG_WARN_INT_CONVERSION = YES;
				CLANG_WARN_OBJC_ROOT_CLASS = YES_ERROR;
				CLANG_WARN__DUPLICATE_METHOD_MATCH = YES;
				"CODE_SIGN_IDENTITY[sdk=iphoneos*]" = "iPhone Developer";
				COPY_PHASE_STRIP = YES;
				ENABLE_NS_ASSERTIONS = NO;
				GCC_C_LANGUAGE_STANDARD = gnu99;
				GCC_WARN_64_TO_32_BIT_CONVERSION = YES;
				GCC_WARN_ABOUT_RETURN_TYPE = YES_ERROR;
				GCC_WARN_UNDECLARED_SELECTOR = YES;
				GCC_WARN_UNINITIALIZED_AUTOS = YES;
				GCC_WARN_UNUSED_FUNCTION = YES;
				GCC_WARN_UNUSED_VARIABLE = YES;
				IPHONEOS_DEPLOYMENT_TARGET = 7.0;
				SDKROOT = iphoneos;
				TARGETED_DEVICE_FAMILY = "1,2";
				VALIDATE_PRODUCT = YES;
			};
			name = Release;
		};
		198C099118CC3F5F000C00E2 /* Debug */ = {
			isa = XCBuildConfiguration;
			baseConfigurationReference = 6258AB6A03404D34B77A0731 /* Pods-Karten.xcconfig */;
			buildSettings = {
				ARCHS = "$(ARCHS_STANDARD_32_BIT)";
				ASSETCATALOG_COMPILER_APPICON_NAME = AppIcon;
				ASSETCATALOG_COMPILER_LAUNCHIMAGE_NAME = LaunchImage;
				FRAMEWORK_SEARCH_PATHS = (
					"$(inherited)",
					"$(PROJECT_DIR)/Frameworks",
				);
				GCC_PRECOMPILE_PREFIX_HEADER = YES;
				GCC_PREFIX_HEADER = "Karten/Karten-Prefix.pch";
				INFOPLIST_FILE = "Karten/Karten-Info.plist";
				ONLY_ACTIVE_ARCH = YES;
				PRODUCT_NAME = "$(TARGET_NAME)";
				PROVISIONING_PROFILE = "A79591FA-3D8A-4022-8F95-BE5F203CDEDE";
				WRAPPER_EXTENSION = app;
			};
			name = Debug;
		};
		198C099218CC3F5F000C00E2 /* Release */ = {
			isa = XCBuildConfiguration;
			baseConfigurationReference = 6258AB6A03404D34B77A0731 /* Pods-Karten.xcconfig */;
			buildSettings = {
				ARCHS = "$(ARCHS_STANDARD_32_BIT)";
				ASSETCATALOG_COMPILER_APPICON_NAME = AppIcon;
				ASSETCATALOG_COMPILER_LAUNCHIMAGE_NAME = LaunchImage;
				FRAMEWORK_SEARCH_PATHS = (
					"$(inherited)",
					"$(PROJECT_DIR)/Frameworks",
				);
				GCC_PRECOMPILE_PREFIX_HEADER = YES;
				GCC_PREFIX_HEADER = "Karten/Karten-Prefix.pch";
				INFOPLIST_FILE = "Karten/Karten-Info.plist";
				ONLY_ACTIVE_ARCH = YES;
				PRODUCT_NAME = "$(TARGET_NAME)";
				PROVISIONING_PROFILE = "A79591FA-3D8A-4022-8F95-BE5F203CDEDE";
				WRAPPER_EXTENSION = app;
			};
			name = Release;
		};
		198C099418CC3F5F000C00E2 /* Debug */ = {
			isa = XCBuildConfiguration;
			buildSettings = {
				ARCHS = "$(ARCHS_STANDARD_INCLUDING_64_BIT)";
				BUNDLE_LOADER = "$(BUILT_PRODUCTS_DIR)/Karten.app/Karten";
				FRAMEWORK_SEARCH_PATHS = (
					"$(SDKROOT)/Developer/Library/Frameworks",
					"$(inherited)",
					"$(DEVELOPER_FRAMEWORKS_DIR)",
				);
				GCC_PRECOMPILE_PREFIX_HEADER = YES;
				GCC_PREFIX_HEADER = "Karten/Karten-Prefix.pch";
				GCC_PREPROCESSOR_DEFINITIONS = (
					"DEBUG=1",
					"$(inherited)",
				);
				INFOPLIST_FILE = "KartenTests/KartenTests-Info.plist";
				PRODUCT_NAME = "$(TARGET_NAME)";
				TEST_HOST = "$(BUNDLE_LOADER)";
				WRAPPER_EXTENSION = xctest;
			};
			name = Debug;
		};
		198C099518CC3F5F000C00E2 /* Release */ = {
			isa = XCBuildConfiguration;
			buildSettings = {
				ARCHS = "$(ARCHS_STANDARD_INCLUDING_64_BIT)";
				BUNDLE_LOADER = "$(BUILT_PRODUCTS_DIR)/Karten.app/Karten";
				FRAMEWORK_SEARCH_PATHS = (
					"$(SDKROOT)/Developer/Library/Frameworks",
					"$(inherited)",
					"$(DEVELOPER_FRAMEWORKS_DIR)",
				);
				GCC_PRECOMPILE_PREFIX_HEADER = YES;
				GCC_PREFIX_HEADER = "Karten/Karten-Prefix.pch";
				INFOPLIST_FILE = "KartenTests/KartenTests-Info.plist";
				PRODUCT_NAME = "$(TARGET_NAME)";
				TEST_HOST = "$(BUNDLE_LOADER)";
				WRAPPER_EXTENSION = xctest;
			};
			name = Release;
		};
/* End XCBuildConfiguration section */

/* Begin XCConfigurationList section */
		198C095918CC3F5F000C00E2 /* Build configuration list for PBXProject "Karten" */ = {
			isa = XCConfigurationList;
			buildConfigurations = (
				198C098E18CC3F5F000C00E2 /* Debug */,
				198C098F18CC3F5F000C00E2 /* Release */,
			);
			defaultConfigurationIsVisible = 0;
			defaultConfigurationName = Release;
		};
		198C099018CC3F5F000C00E2 /* Build configuration list for PBXNativeTarget "Karten" */ = {
			isa = XCConfigurationList;
			buildConfigurations = (
				198C099118CC3F5F000C00E2 /* Debug */,
				198C099218CC3F5F000C00E2 /* Release */,
			);
			defaultConfigurationIsVisible = 0;
			defaultConfigurationName = Release;
		};
		198C099318CC3F5F000C00E2 /* Build configuration list for PBXNativeTarget "KartenTests" */ = {
			isa = XCConfigurationList;
			buildConfigurations = (
				198C099418CC3F5F000C00E2 /* Debug */,
				198C099518CC3F5F000C00E2 /* Release */,
			);
			defaultConfigurationIsVisible = 0;
			defaultConfigurationName = Release;
		};
/* End XCConfigurationList section */
	};
	rootObject = 198C095618CC3F5F000C00E2 /* Project object */;
}
