// !$*UTF8*$!
{
	archiveVersion = 1;
	classes = {
	};
	objectVersion = 46;
	objects = {

/* Begin PBXBuildFile section */
		190858F219653B85003E2784 /* FlashCardAnswerView.m in Sources */ = {isa = PBXBuildFile; fileRef = 190858F119653B85003E2784 /* FlashCardAnswerView.m */; };
		190858FC19653D0F003E2784 /* FlashCardQuestionView.m in Sources */ = {isa = PBXBuildFile; fileRef = 190858FB19653D0F003E2784 /* FlashCardQuestionView.m */; };
		190A8F7E1960ADC700586435 /* FriendPickerDelegate.m in Sources */ = {isa = PBXBuildFile; fileRef = 190A8F7D1960ADC700586435 /* FriendPickerDelegate.m */; };
		190A8F851960BE5300586435 /* Stack.m in Sources */ = {isa = PBXBuildFile; fileRef = 190A8F841960BE5300586435 /* Stack.m */; };
		190A8F881961462A00586435 /* KTAPIAddUserToStack.m in Sources */ = {isa = PBXBuildFile; fileRef = 190A8F871961462A00586435 /* KTAPIAddUserToStack.m */; };
		19169F4319005B3600F822C6 /* 33-cabinet.png in Resources */ = {isa = PBXBuildFile; fileRef = 19169F4119005B3600F822C6 /* 33-cabinet.png */; };
		19169F4419005B3600F822C6 /* 33-cabinet@2x.png in Resources */ = {isa = PBXBuildFile; fileRef = 19169F4219005B3600F822C6 /* 33-cabinet@2x.png */; };
		194F97301954225300B184D6 /* libfacebook_ios_sdk.a in Frameworks */ = {isa = PBXBuildFile; fileRef = 194F971A19541F6300B184D6 /* libfacebook_ios_sdk.a */; };
		194F97331954237C00B184D6 /* NSObject+NSDictionaryRepresentation.m in Sources */ = {isa = PBXBuildFile; fileRef = 194F97311954237C00B184D6 /* NSObject+NSDictionaryRepresentation.m */; };
		195CEA531936B2650044C52B /* FacebookLoginViewController.m in Sources */ = {isa = PBXBuildFile; fileRef = 195CEA521936B2650044C52B /* FacebookLoginViewController.m */; };
		195CEA57193720130044C52B /* MainViewController.m in Sources */ = {isa = PBXBuildFile; fileRef = 195CEA56193720130044C52B /* MainViewController.m */; };
		195CEA5D193731C00044C52B /* FacebookSessionManager.m in Sources */ = {isa = PBXBuildFile; fileRef = 195CEA5C193731C00044C52B /* FacebookSessionManager.m */; };
		195CEA6019376E030044C52B /* StackListViewController.m in Sources */ = {isa = PBXBuildFile; fileRef = 195CEA5F19376E030044C52B /* StackListViewController.m */; };
		195CEA6319376E1E0044C52B /* StackListTableView.m in Sources */ = {isa = PBXBuildFile; fileRef = 195CEA6219376E1E0044C52B /* StackListTableView.m */; };
		195CEA6619376E790044C52B /* StackListTableViewCell.m in Sources */ = {isa = PBXBuildFile; fileRef = 195CEA6519376E790044C52B /* StackListTableViewCell.m */; };
		195CEA69193781CE0044C52B /* KTAPIGetUserStacks.m in Sources */ = {isa = PBXBuildFile; fileRef = 195CEA68193781CE0044C52B /* KTAPIGetUserStacks.m */; };
		195CEA6D19378A260044C52B /* Stack+Network.m in Sources */ = {isa = PBXBuildFile; fileRef = 195CEA6C19378A260044C52B /* Stack+Network.m */; };
		195CEA701937A0D20044C52B /* AddStackTableViewCell.m in Sources */ = {isa = PBXBuildFile; fileRef = 195CEA6F1937A0D20044C52B /* AddStackTableViewCell.m */; };
		195CEA731937A8450044C52B /* AddStackFormView.m in Sources */ = {isa = PBXBuildFile; fileRef = 195CEA721937A8450044C52B /* AddStackFormView.m */; };
		195CEA761937E7260044C52B /* GraphicsUtils.m in Sources */ = {isa = PBXBuildFile; fileRef = 195CEA751937E7260044C52B /* GraphicsUtils.m */; };
		195CEA791937EA480044C52B /* KTAPICreateStack.m in Sources */ = {isa = PBXBuildFile; fileRef = 195CEA781937EA480044C52B /* KTAPICreateStack.m */; };
		195CEA7E193809E20044C52B /* Stack+CouchBase.m in Sources */ = {isa = PBXBuildFile; fileRef = 195CEA7D193809E20044C52B /* Stack+CouchBase.m */; };
		195CEA8119387E020044C52B /* CardListViewController.m in Sources */ = {isa = PBXBuildFile; fileRef = 195CEA8019387E020044C52B /* CardListViewController.m */; };
		195CEA841938AAF60044C52B /* AddCardFormView.m in Sources */ = {isa = PBXBuildFile; fileRef = 195CEA831938AAF60044C52B /* AddCardFormView.m */; };
		196021C519329497000234A3 /* NSManagedObject+JSONParsable.m in Sources */ = {isa = PBXBuildFile; fileRef = 196021C419329497000234A3 /* NSManagedObject+JSONParsable.m */; };
		196021C919329569000234A3 /* User.m in Sources */ = {isa = PBXBuildFile; fileRef = 196021C819329569000234A3 /* User.m */; };
		196021D2193295DE000234A3 /* Stack+Helpers.m in Sources */ = {isa = PBXBuildFile; fileRef = 196021D1193295DE000234A3 /* Stack+Helpers.m */; };
		196021D5193295F1000234A3 /* User+Helpers.m in Sources */ = {isa = PBXBuildFile; fileRef = 196021D4193295F1000234A3 /* User+Helpers.m */; };
		196603F1193EFFBA0027698E /* Card+Network.m in Sources */ = {isa = PBXBuildFile; fileRef = 196603F0193EFFBA0027698E /* Card+Network.m */; };
		1966CD2518DDE9C000E85CDE /* CouchbaseLite.framework in Frameworks */ = {isa = PBXBuildFile; fileRef = 1966CD2418DDE9C000E85CDE /* CouchbaseLite.framework */; };
		1966CD2718DDE9D700E85CDE /* CFNetwork.framework in Frameworks */ = {isa = PBXBuildFile; fileRef = 1966CD2618DDE9D700E85CDE /* CFNetwork.framework */; };
		1966CD2918DDE9DE00E85CDE /* Security.framework in Frameworks */ = {isa = PBXBuildFile; fileRef = 1966CD2818DDE9DE00E85CDE /* Security.framework */; };
		1966CD2B18DDE9EC00E85CDE /* SystemConfiguration.framework in Frameworks */ = {isa = PBXBuildFile; fileRef = 1966CD2A18DDE9EC00E85CDE /* SystemConfiguration.framework */; };
		1966CD2D18DDE9F300E85CDE /* libsqlite3.dylib in Frameworks */ = {isa = PBXBuildFile; fileRef = 1966CD2C18DDE9F300E85CDE /* libsqlite3.dylib */; };
		1966CD2F18DDE9FA00E85CDE /* libz.dylib in Frameworks */ = {isa = PBXBuildFile; fileRef = 1966CD2E18DDE9FA00E85CDE /* libz.dylib */; };
		1966CD3218DDF29A00E85CDE /* Database.m in Sources */ = {isa = PBXBuildFile; fileRef = 1966CD3118DDF29A00E85CDE /* Database.m */; };
		1972491A19326FE600030E5E /* Card.m in Sources */ = {isa = PBXBuildFile; fileRef = 1972491919326FE600030E5E /* Card.m */; };
		1972581819448A39002AD689 /* libPods-Karten.a in Frameworks */ = {isa = PBXBuildFile; fileRef = 1972581719448A39002AD689 /* libPods-Karten.a */; };
		1984C8141965D539003402CC /* CardEditViewController.m in Sources */ = {isa = PBXBuildFile; fileRef = 1984C8131965D539003402CC /* CardEditViewController.m */; };
		198AFC371935275A00ABD428 /* NetworkSyncUtil.m in Sources */ = {isa = PBXBuildFile; fileRef = 198AFC361935275A00ABD428 /* NetworkSyncUtil.m */; };
		198AFC3A1935288A00ABD428 /* KartenNetworkClient.m in Sources */ = {isa = PBXBuildFile; fileRef = 198AFC391935288A00ABD428 /* KartenNetworkClient.m */; };
		198AFC3F19354F2100ABD428 /* KTAPICreateUser.m in Sources */ = {isa = PBXBuildFile; fileRef = 198AFC3E19354F2100ABD428 /* KTAPICreateUser.m */; };
		198AFC431935505300ABD428 /* NSManagedObject+JSONSerializable.m in Sources */ = {isa = PBXBuildFile; fileRef = 198AFC421935505300ABD428 /* NSManagedObject+JSONSerializable.m */; };
		198C096218CC3F5F000C00E2 /* Foundation.framework in Frameworks */ = {isa = PBXBuildFile; fileRef = 198C096118CC3F5F000C00E2 /* Foundation.framework */; };
		198C096418CC3F5F000C00E2 /* CoreGraphics.framework in Frameworks */ = {isa = PBXBuildFile; fileRef = 198C096318CC3F5F000C00E2 /* CoreGraphics.framework */; };
		198C096618CC3F5F000C00E2 /* UIKit.framework in Frameworks */ = {isa = PBXBuildFile; fileRef = 198C096518CC3F5F000C00E2 /* UIKit.framework */; };
		198C096818CC3F5F000C00E2 /* CoreData.framework in Frameworks */ = {isa = PBXBuildFile; fileRef = 198C096718CC3F5F000C00E2 /* CoreData.framework */; };
		198C096E18CC3F5F000C00E2 /* InfoPlist.strings in Resources */ = {isa = PBXBuildFile; fileRef = 198C096C18CC3F5F000C00E2 /* InfoPlist.strings */; };
		198C097018CC3F5F000C00E2 /* main.m in Sources */ = {isa = PBXBuildFile; fileRef = 198C096F18CC3F5F000C00E2 /* main.m */; };
		198C097418CC3F5F000C00E2 /* AppDelegate.m in Sources */ = {isa = PBXBuildFile; fileRef = 198C097318CC3F5F000C00E2 /* AppDelegate.m */; };
		198C097918CC3F5F000C00E2 /* Images.xcassets in Resources */ = {isa = PBXBuildFile; fileRef = 198C097818CC3F5F000C00E2 /* Images.xcassets */; };
		198C099D18CC4976000C00E2 /* Card+Helpers.m in Sources */ = {isa = PBXBuildFile; fileRef = 198C099C18CC4976000C00E2 /* Card+Helpers.m */; };
		198C09A318CC4A3A000C00E2 /* CardTableView.m in Sources */ = {isa = PBXBuildFile; fileRef = 198C09A218CC4A3A000C00E2 /* CardTableView.m */; };
		198C09A618CC4A4A000C00E2 /* CardCell.m in Sources */ = {isa = PBXBuildFile; fileRef = 198C09A518CC4A4A000C00E2 /* CardCell.m */; };
		198C09A918CC4A89000C00E2 /* AddCardHeader.m in Sources */ = {isa = PBXBuildFile; fileRef = 198C09A818CC4A89000C00E2 /* AddCardHeader.m */; };
		198C09AC18CC4F10000C00E2 /* UIView+LayoutHelpers.m in Sources */ = {isa = PBXBuildFile; fileRef = 198C09AB18CC4F10000C00E2 /* UIView+LayoutHelpers.m */; };
		198C09B418CC6796000C00E2 /* UITextField+Valdiation.m in Sources */ = {isa = PBXBuildFile; fileRef = 198C09B318CC6796000C00E2 /* UITextField+Valdiation.m */; };
		198C09B718CCA1DF000C00E2 /* InfoDisplayView.m in Sources */ = {isa = PBXBuildFile; fileRef = 198C09B618CCA1DF000C00E2 /* InfoDisplayView.m */; };
		19A547C2194AFA16007B0365 /* StackActionTableViewCell.m in Sources */ = {isa = PBXBuildFile; fileRef = 19A547C1194AFA16007B0365 /* StackActionTableViewCell.m */; };
		19A547C5194B00C0007B0365 /* QuizListViewController.m in Sources */ = {isa = PBXBuildFile; fileRef = 19A547C4194B00C0007B0365 /* QuizListViewController.m */; };
		19A547C8194B0736007B0365 /* StackCollectionViewCell.m in Sources */ = {isa = PBXBuildFile; fileRef = 19A547C7194B0736007B0365 /* StackCollectionViewCell.m */; };
		19A547CB194B0A33007B0365 /* StackCollectionView.m in Sources */ = {isa = PBXBuildFile; fileRef = 19A547CA194B0A33007B0365 /* StackCollectionView.m */; };
		19A547CE194B16F4007B0365 /* StackActionViewController.m in Sources */ = {isa = PBXBuildFile; fileRef = 19A547CD194B16F4007B0365 /* StackActionViewController.m */; };
		19A547D7194B29FC007B0365 /* FlashCardStackFinishedView.m in Sources */ = {isa = PBXBuildFile; fileRef = 19A547D6194B29FC007B0365 /* FlashCardStackFinishedView.m */; };
		19A547DA194B2E26007B0365 /* FacebookShareController.m in Sources */ = {isa = PBXBuildFile; fileRef = 19A547D9194B2E26007B0365 /* FacebookShareController.m */; };
		19BC93B01935CD2900CC8725 /* TestUtils.m in Sources */ = {isa = PBXBuildFile; fileRef = 198AFC471935C61A00ABD428 /* TestUtils.m */; };
		19BC93B11935CD4E00CC8725 /* CreateDatabaseData.json in Resources */ = {isa = PBXBuildFile; fileRef = 196021EF1932A88D000234A3 /* CreateDatabaseData.json */; };
		19BC93B21935CD4E00CC8725 /* UserListFetch.json in Resources */ = {isa = PBXBuildFile; fileRef = 196021F01932A88D000234A3 /* UserListFetch.json */; };
		19BC93B31935CDF600CC8725 /* CreateDatabaseData.json in Resources */ = {isa = PBXBuildFile; fileRef = 196021EF1932A88D000234A3 /* CreateDatabaseData.json */; };
		19BC93B41935CDF600CC8725 /* UserListFetch.json in Resources */ = {isa = PBXBuildFile; fileRef = 196021F01932A88D000234A3 /* UserListFetch.json */; };
		19C5000419369413002AABBD /* StackServer.m in Sources */ = {isa = PBXBuildFile; fileRef = 19C5000319369413002AABBD /* StackServer.m */; };
		19C5000519369413002AABBD /* StackServer.m in Sources */ = {isa = PBXBuildFile; fileRef = 19C5000319369413002AABBD /* StackServer.m */; };
		19C500101936A16E002AABBD /* StackServer+Helpers.m in Sources */ = {isa = PBXBuildFile; fileRef = 19C5000F1936A16E002AABBD /* StackServer+Helpers.m */; };
		19C500111936A16E002AABBD /* StackServer+Helpers.m in Sources */ = {isa = PBXBuildFile; fileRef = 19C5000F1936A16E002AABBD /* StackServer+Helpers.m */; };
		19C5FFF11936360A002AABBD /* NSManagedObject+JSONParsable.m in Sources */ = {isa = PBXBuildFile; fileRef = 196021C419329497000234A3 /* NSManagedObject+JSONParsable.m */; };
		19C5FFF21936369C002AABBD /* CoreData.framework in Frameworks */ = {isa = PBXBuildFile; fileRef = 198C096718CC3F5F000C00E2 /* CoreData.framework */; };
		19C5FFF519368584002AABBD /* User.m in Sources */ = {isa = PBXBuildFile; fileRef = 19C5FFF419368584002AABBD /* User.m */; };
		19C5FFF619368D24002AABBD /* User+Helpers.m in Sources */ = {isa = PBXBuildFile; fileRef = 196021D4193295F1000234A3 /* User+Helpers.m */; };
		19C5FFF819368EF5002AABBD /* KarenStackTests.m in Sources */ = {isa = PBXBuildFile; fileRef = 19C5FFF719368EF5002AABBD /* KarenStackTests.m */; };
		19C5FFF919368F64002AABBD /* Stack+Helpers.m in Sources */ = {isa = PBXBuildFile; fileRef = 196021D1193295DE000234A3 /* Stack+Helpers.m */; };
		19C93317190316EC0075FA49 /* QuizViewController.m in Sources */ = {isa = PBXBuildFile; fileRef = 19C93316190316EC0075FA49 /* QuizViewController.m */; };
		19C9331E190321DD0075FA49 /* FlashCardView.m in Sources */ = {isa = PBXBuildFile; fileRef = 19C9331D190321DD0075FA49 /* FlashCardView.m */; };
		19C933211905BFF10075FA49 /* KartenModel.xcdatamodeld in Sources */ = {isa = PBXBuildFile; fileRef = 19C9331F1905BFF10075FA49 /* KartenModel.xcdatamodeld */; };
		19C933271905CE8D0075FA49 /* CouchManager.m in Sources */ = {isa = PBXBuildFile; fileRef = 19C933261905CE8D0075FA49 /* CouchManager.m */; };
		19D120DF1935CA5D00EECE71 /* XCTest.framework in Frameworks */ = {isa = PBXBuildFile; fileRef = 198C097F18CC3F5F000C00E2 /* XCTest.framework */; };
		19D120E01935CA5D00EECE71 /* Foundation.framework in Frameworks */ = {isa = PBXBuildFile; fileRef = 198C096118CC3F5F000C00E2 /* Foundation.framework */; };
		19D120E11935CA5D00EECE71 /* UIKit.framework in Frameworks */ = {isa = PBXBuildFile; fileRef = 198C096518CC3F5F000C00E2 /* UIKit.framework */; };
		19D120F01935CC5100EECE71 /* KartenUserTests.m in Sources */ = {isa = PBXBuildFile; fileRef = 198AFC441935545A00ABD428 /* KartenUserTests.m */; };
		19F7ACC7196935FE00B56B97 /* main.m in Sources */ = {isa = PBXBuildFile; fileRef = 19F7ACC6196935FE00B56B97 /* main.m */; };
		19F7ACCA196935FE00B56B97 /* AppDelegate.m in Sources */ = {isa = PBXBuildFile; fileRef = 19F7ACC9196935FE00B56B97 /* AppDelegate.m */; };
		19F7ACCC196935FE00B56B97 /* Images.xcassets in Resources */ = {isa = PBXBuildFile; fileRef = 19F7ACCB196935FE00B56B97 /* Images.xcassets */; };
		19F7ACCF196935FE00B56B97 /* MainMenu.xib in Resources */ = {isa = PBXBuildFile; fileRef = 19F7ACCD196935FE00B56B97 /* MainMenu.xib */; };
		19F7ACDB196935FE00B56B97 /* KartenDeskTests.m in Sources */ = {isa = PBXBuildFile; fileRef = 19F7ACDA196935FE00B56B97 /* KartenDeskTests.m */; };
		53ADF44A80C44CE6B5DC1496 /* libPods-KartenUnitTests.a in Frameworks */ = {isa = PBXBuildFile; fileRef = 924ADDD39200493B92BD599D /* libPods-KartenUnitTests.a */; };
/* End PBXBuildFile section */

/* Begin PBXContainerItemProxy section */
		194F971919541F6300B184D6 /* PBXContainerItemProxy */ = {
			isa = PBXContainerItemProxy;
			containerPortal = 194F970E19541F6200B184D6 /* facebook-ios-sdk.xcodeproj */;
			proxyType = 2;
			remoteGlobalIDString = D2AAC07E0554694100DB518D;
			remoteInfo = "facebook-ios-sdk";
		};
		194F971B19541F6300B184D6 /* PBXContainerItemProxy */ = {
			isa = PBXContainerItemProxy;
			containerPortal = 194F970E19541F6200B184D6 /* facebook-ios-sdk.xcodeproj */;
			proxyType = 2;
			remoteGlobalIDString = B9CBC519152537270036AA71;
			remoteInfo = FacebookSDKTests;
		};
		194F971D19541F6300B184D6 /* PBXContainerItemProxy */ = {
			isa = PBXContainerItemProxy;
			containerPortal = 194F970E19541F6200B184D6 /* facebook-ios-sdk.xcodeproj */;
			proxyType = 2;
			remoteGlobalIDString = 85A44B9F16A8CE05007BE80E;
			remoteInfo = FacebookSDKIntegrationTests;
		};
		194F971F19541F6300B184D6 /* PBXContainerItemProxy */ = {
			isa = PBXContainerItemProxy;
			containerPortal = 194F970E19541F6200B184D6 /* facebook-ios-sdk.xcodeproj */;
			proxyType = 2;
			remoteGlobalIDString = 89263C1B1926CBA500A44711;
			remoteInfo = FacebookSDKApplicationTests;
		};
		194F972119541F6300B184D6 /* PBXContainerItemProxy */ = {
			isa = PBXContainerItemProxy;
			containerPortal = 194F970E19541F6200B184D6 /* facebook-ios-sdk.xcodeproj */;
			proxyType = 2;
			remoteGlobalIDString = 89263C051926CBA500A44711;
			remoteInfo = FacebookSDKTestHost;
		};
		194F972319541FD200B184D6 /* PBXContainerItemProxy */ = {
			isa = PBXContainerItemProxy;
			containerPortal = 194F970E19541F6200B184D6 /* facebook-ios-sdk.xcodeproj */;
			proxyType = 1;
			remoteGlobalIDString = D2AAC07D0554694100DB518D;
			remoteInfo = "facebook-ios-sdk";
		};
		19D120EB1935CA5D00EECE71 /* PBXContainerItemProxy */ = {
			isa = PBXContainerItemProxy;
			containerPortal = 198C095618CC3F5F000C00E2 /* Project object */;
			proxyType = 1;
			remoteGlobalIDString = 198C095D18CC3F5F000C00E2;
			remoteInfo = Karten;
		};
		19F7ACD5196935FE00B56B97 /* PBXContainerItemProxy */ = {
			isa = PBXContainerItemProxy;
			containerPortal = 198C095618CC3F5F000C00E2 /* Project object */;
			proxyType = 1;
			remoteGlobalIDString = 19F7ACC1196935FE00B56B97;
			remoteInfo = KartenDesk;
		};
/* End PBXContainerItemProxy section */

/* Begin PBXFileReference section */
		190858F019653B85003E2784 /* FlashCardAnswerView.h */ = {isa = PBXFileReference; fileEncoding = 4; lastKnownFileType = sourcecode.c.h; name = FlashCardAnswerView.h; path = Classes/FlashCardAnswerView.h; sourceTree = "<group>"; };
		190858F119653B85003E2784 /* FlashCardAnswerView.m */ = {isa = PBXFileReference; fileEncoding = 4; lastKnownFileType = sourcecode.c.objc; name = FlashCardAnswerView.m; path = Classes/FlashCardAnswerView.m; sourceTree = "<group>"; };
		190858FA19653D0F003E2784 /* FlashCardQuestionView.h */ = {isa = PBXFileReference; fileEncoding = 4; lastKnownFileType = sourcecode.c.h; name = FlashCardQuestionView.h; path = Classes/FlashCardQuestionView.h; sourceTree = "<group>"; };
		190858FB19653D0F003E2784 /* FlashCardQuestionView.m */ = {isa = PBXFileReference; fileEncoding = 4; lastKnownFileType = sourcecode.c.objc; name = FlashCardQuestionView.m; path = Classes/FlashCardQuestionView.m; sourceTree = "<group>"; };
		190858FD19653F0A003E2784 /* FlashCardDisplayView.h */ = {isa = PBXFileReference; lastKnownFileType = sourcecode.c.h; name = FlashCardDisplayView.h; path = Classes/FlashCardDisplayView.h; sourceTree = "<group>"; };
		190A8F7C1960ADC700586435 /* FriendPickerDelegate.h */ = {isa = PBXFileReference; fileEncoding = 4; lastKnownFileType = sourcecode.c.h; path = FriendPickerDelegate.h; sourceTree = "<group>"; };
		190A8F7D1960ADC700586435 /* FriendPickerDelegate.m */ = {isa = PBXFileReference; fileEncoding = 4; lastKnownFileType = sourcecode.c.objc; path = FriendPickerDelegate.m; sourceTree = "<group>"; };
		190A8F831960BE5300586435 /* Stack.h */ = {isa = PBXFileReference; fileEncoding = 4; lastKnownFileType = sourcecode.c.h; name = Stack.h; path = Classes/Stack.h; sourceTree = "<group>"; };
		190A8F841960BE5300586435 /* Stack.m */ = {isa = PBXFileReference; fileEncoding = 4; lastKnownFileType = sourcecode.c.objc; name = Stack.m; path = Classes/Stack.m; sourceTree = "<group>"; };
		190A8F861961462A00586435 /* KTAPIAddUserToStack.h */ = {isa = PBXFileReference; fileEncoding = 4; lastKnownFileType = sourcecode.c.h; name = KTAPIAddUserToStack.h; path = Classes/KTAPIAddUserToStack.h; sourceTree = "<group>"; };
		190A8F871961462A00586435 /* KTAPIAddUserToStack.m */ = {isa = PBXFileReference; fileEncoding = 4; lastKnownFileType = sourcecode.c.objc; name = KTAPIAddUserToStack.m; path = Classes/KTAPIAddUserToStack.m; sourceTree = "<group>"; };
		19169F4119005B3600F822C6 /* 33-cabinet.png */ = {isa = PBXFileReference; lastKnownFileType = image.png; path = "33-cabinet.png"; sourceTree = "<group>"; };
		19169F4219005B3600F822C6 /* 33-cabinet@2x.png */ = {isa = PBXFileReference; lastKnownFileType = image.png; path = "33-cabinet@2x.png"; sourceTree = "<group>"; };
		194F970E19541F6200B184D6 /* facebook-ios-sdk.xcodeproj */ = {isa = PBXFileReference; lastKnownFileType = "wrapper.pb-project"; name = "facebook-ios-sdk.xcodeproj"; path = "Frameworks/facebook-ios-sdk/src/facebook-ios-sdk.xcodeproj"; sourceTree = "<group>"; };
		194F97311954237C00B184D6 /* NSObject+NSDictionaryRepresentation.m */ = {isa = PBXFileReference; fileEncoding = 4; lastKnownFileType = sourcecode.c.objc; path = "NSObject+NSDictionaryRepresentation.m"; sourceTree = "<group>"; };
		194F97321954237C00B184D6 /* NSObject+NSDictionaryRepresentation.h */ = {isa = PBXFileReference; fileEncoding = 4; lastKnownFileType = sourcecode.c.h; path = "NSObject+NSDictionaryRepresentation.h"; sourceTree = "<group>"; };
		195CEA511936B2650044C52B /* FacebookLoginViewController.h */ = {isa = PBXFileReference; fileEncoding = 4; lastKnownFileType = sourcecode.c.h; name = FacebookLoginViewController.h; path = Classes/FacebookLoginViewController.h; sourceTree = "<group>"; };
		195CEA521936B2650044C52B /* FacebookLoginViewController.m */ = {isa = PBXFileReference; fileEncoding = 4; lastKnownFileType = sourcecode.c.objc; name = FacebookLoginViewController.m; path = Classes/FacebookLoginViewController.m; sourceTree = "<group>"; };
		195CEA55193720130044C52B /* MainViewController.h */ = {isa = PBXFileReference; fileEncoding = 4; lastKnownFileType = sourcecode.c.h; name = MainViewController.h; path = Classes/MainViewController.h; sourceTree = "<group>"; };
		195CEA56193720130044C52B /* MainViewController.m */ = {isa = PBXFileReference; fileEncoding = 4; lastKnownFileType = sourcecode.c.objc; name = MainViewController.m; path = Classes/MainViewController.m; sourceTree = "<group>"; };
		195CEA5B193731C00044C52B /* FacebookSessionManager.h */ = {isa = PBXFileReference; fileEncoding = 4; lastKnownFileType = sourcecode.c.h; name = FacebookSessionManager.h; path = Classes/FacebookSessionManager.h; sourceTree = "<group>"; };
		195CEA5C193731C00044C52B /* FacebookSessionManager.m */ = {isa = PBXFileReference; fileEncoding = 4; lastKnownFileType = sourcecode.c.objc; name = FacebookSessionManager.m; path = Classes/FacebookSessionManager.m; sourceTree = "<group>"; };
		195CEA5E19376E030044C52B /* StackListViewController.h */ = {isa = PBXFileReference; fileEncoding = 4; lastKnownFileType = sourcecode.c.h; name = StackListViewController.h; path = Classes/StackListViewController.h; sourceTree = "<group>"; };
		195CEA5F19376E030044C52B /* StackListViewController.m */ = {isa = PBXFileReference; fileEncoding = 4; lastKnownFileType = sourcecode.c.objc; name = StackListViewController.m; path = Classes/StackListViewController.m; sourceTree = "<group>"; };
		195CEA6119376E1E0044C52B /* StackListTableView.h */ = {isa = PBXFileReference; fileEncoding = 4; lastKnownFileType = sourcecode.c.h; name = StackListTableView.h; path = Classes/StackListTableView.h; sourceTree = "<group>"; };
		195CEA6219376E1E0044C52B /* StackListTableView.m */ = {isa = PBXFileReference; fileEncoding = 4; lastKnownFileType = sourcecode.c.objc; name = StackListTableView.m; path = Classes/StackListTableView.m; sourceTree = "<group>"; };
		195CEA6419376E790044C52B /* StackListTableViewCell.h */ = {isa = PBXFileReference; fileEncoding = 4; lastKnownFileType = sourcecode.c.h; name = StackListTableViewCell.h; path = Classes/StackListTableViewCell.h; sourceTree = "<group>"; };
		195CEA6519376E790044C52B /* StackListTableViewCell.m */ = {isa = PBXFileReference; fileEncoding = 4; lastKnownFileType = sourcecode.c.objc; name = StackListTableViewCell.m; path = Classes/StackListTableViewCell.m; sourceTree = "<group>"; };
		195CEA67193781CE0044C52B /* KTAPIGetUserStacks.h */ = {isa = PBXFileReference; fileEncoding = 4; lastKnownFileType = sourcecode.c.h; name = KTAPIGetUserStacks.h; path = Classes/KTAPIGetUserStacks.h; sourceTree = "<group>"; };
		195CEA68193781CE0044C52B /* KTAPIGetUserStacks.m */ = {isa = PBXFileReference; fileEncoding = 4; lastKnownFileType = sourcecode.c.objc; name = KTAPIGetUserStacks.m; path = Classes/KTAPIGetUserStacks.m; sourceTree = "<group>"; };
		195CEA6A193784560044C52B /* KartenDBExceptions.h */ = {isa = PBXFileReference; lastKnownFileType = sourcecode.c.h; name = KartenDBExceptions.h; path = Classes/KartenDBExceptions.h; sourceTree = "<group>"; };
		195CEA6B19378A260044C52B /* Stack+Network.h */ = {isa = PBXFileReference; fileEncoding = 4; lastKnownFileType = sourcecode.c.h; name = "Stack+Network.h"; path = "Classes/Stack+Network.h"; sourceTree = "<group>"; };
		195CEA6C19378A260044C52B /* Stack+Network.m */ = {isa = PBXFileReference; fileEncoding = 4; lastKnownFileType = sourcecode.c.objc; name = "Stack+Network.m"; path = "Classes/Stack+Network.m"; sourceTree = "<group>"; };
		195CEA6E1937A0D20044C52B /* AddStackTableViewCell.h */ = {isa = PBXFileReference; fileEncoding = 4; lastKnownFileType = sourcecode.c.h; name = AddStackTableViewCell.h; path = Classes/AddStackTableViewCell.h; sourceTree = "<group>"; };
		195CEA6F1937A0D20044C52B /* AddStackTableViewCell.m */ = {isa = PBXFileReference; fileEncoding = 4; lastKnownFileType = sourcecode.c.objc; name = AddStackTableViewCell.m; path = Classes/AddStackTableViewCell.m; sourceTree = "<group>"; };
		195CEA711937A8450044C52B /* AddStackFormView.h */ = {isa = PBXFileReference; fileEncoding = 4; lastKnownFileType = sourcecode.c.h; name = AddStackFormView.h; path = Classes/AddStackFormView.h; sourceTree = "<group>"; };
		195CEA721937A8450044C52B /* AddStackFormView.m */ = {isa = PBXFileReference; fileEncoding = 4; lastKnownFileType = sourcecode.c.objc; name = AddStackFormView.m; path = Classes/AddStackFormView.m; sourceTree = "<group>"; };
		195CEA741937E7260044C52B /* GraphicsUtils.h */ = {isa = PBXFileReference; fileEncoding = 4; lastKnownFileType = sourcecode.c.h; name = GraphicsUtils.h; path = Classes/GraphicsUtils.h; sourceTree = "<group>"; };
		195CEA751937E7260044C52B /* GraphicsUtils.m */ = {isa = PBXFileReference; fileEncoding = 4; lastKnownFileType = sourcecode.c.objc; name = GraphicsUtils.m; path = Classes/GraphicsUtils.m; sourceTree = "<group>"; };
		195CEA771937EA480044C52B /* KTAPICreateStack.h */ = {isa = PBXFileReference; fileEncoding = 4; lastKnownFileType = sourcecode.c.h; name = KTAPICreateStack.h; path = Classes/KTAPICreateStack.h; sourceTree = "<group>"; };
		195CEA781937EA480044C52B /* KTAPICreateStack.m */ = {isa = PBXFileReference; fileEncoding = 4; lastKnownFileType = sourcecode.c.objc; name = KTAPICreateStack.m; path = Classes/KTAPICreateStack.m; sourceTree = "<group>"; };
		195CEA7C193809E20044C52B /* Stack+CouchBase.h */ = {isa = PBXFileReference; fileEncoding = 4; lastKnownFileType = sourcecode.c.h; name = "Stack+CouchBase.h"; path = "Classes/Stack+CouchBase.h"; sourceTree = "<group>"; };
		195CEA7D193809E20044C52B /* Stack+CouchBase.m */ = {isa = PBXFileReference; fileEncoding = 4; lastKnownFileType = sourcecode.c.objc; name = "Stack+CouchBase.m"; path = "Classes/Stack+CouchBase.m"; sourceTree = "<group>"; };
		195CEA7F19387E020044C52B /* CardListViewController.h */ = {isa = PBXFileReference; fileEncoding = 4; lastKnownFileType = sourcecode.c.h; name = CardListViewController.h; path = Classes/CardListViewController.h; sourceTree = "<group>"; };
		195CEA8019387E020044C52B /* CardListViewController.m */ = {isa = PBXFileReference; fileEncoding = 4; lastKnownFileType = sourcecode.c.objc; name = CardListViewController.m; path = Classes/CardListViewController.m; sourceTree = "<group>"; };
		195CEA821938AAF60044C52B /* AddCardFormView.h */ = {isa = PBXFileReference; fileEncoding = 4; lastKnownFileType = sourcecode.c.h; name = AddCardFormView.h; path = Classes/AddCardFormView.h; sourceTree = "<group>"; };
		195CEA831938AAF60044C52B /* AddCardFormView.m */ = {isa = PBXFileReference; fileEncoding = 4; lastKnownFileType = sourcecode.c.objc; name = AddCardFormView.m; path = Classes/AddCardFormView.m; sourceTree = "<group>"; };
		196021C319329497000234A3 /* NSManagedObject+JSONParsable.h */ = {isa = PBXFileReference; fileEncoding = 4; lastKnownFileType = sourcecode.c.h; name = "NSManagedObject+JSONParsable.h"; path = "Classes/NSManagedObject+JSONParsable.h"; sourceTree = "<group>"; };
		196021C419329497000234A3 /* NSManagedObject+JSONParsable.m */ = {isa = PBXFileReference; fileEncoding = 4; lastKnownFileType = sourcecode.c.objc; name = "NSManagedObject+JSONParsable.m"; path = "Classes/NSManagedObject+JSONParsable.m"; sourceTree = "<group>"; };
		196021C61932953F000234A3 /* JSONParsable.h */ = {isa = PBXFileReference; lastKnownFileType = sourcecode.c.h; name = JSONParsable.h; path = Classes/JSONParsable.h; sourceTree = "<group>"; };
		196021C719329569000234A3 /* User.h */ = {isa = PBXFileReference; fileEncoding = 4; lastKnownFileType = sourcecode.c.h; name = User.h; path = Classes/User.h; sourceTree = "<group>"; };
		196021C819329569000234A3 /* User.m */ = {isa = PBXFileReference; fileEncoding = 4; lastKnownFileType = sourcecode.c.objc; name = User.m; path = Classes/User.m; sourceTree = "<group>"; };
		196021D0193295DE000234A3 /* Stack+Helpers.h */ = {isa = PBXFileReference; fileEncoding = 4; lastKnownFileType = sourcecode.c.h; name = "Stack+Helpers.h"; path = "Classes/Stack+Helpers.h"; sourceTree = "<group>"; };
		196021D1193295DE000234A3 /* Stack+Helpers.m */ = {isa = PBXFileReference; fileEncoding = 4; lastKnownFileType = sourcecode.c.objc; name = "Stack+Helpers.m"; path = "Classes/Stack+Helpers.m"; sourceTree = "<group>"; };
		196021D3193295F1000234A3 /* User+Helpers.h */ = {isa = PBXFileReference; fileEncoding = 4; lastKnownFileType = sourcecode.c.h; name = "User+Helpers.h"; path = "Classes/User+Helpers.h"; sourceTree = "<group>"; };
		196021D4193295F1000234A3 /* User+Helpers.m */ = {isa = PBXFileReference; fileEncoding = 4; lastKnownFileType = sourcecode.c.objc; name = "User+Helpers.m"; path = "Classes/User+Helpers.m"; sourceTree = "<group>"; };
		196021E019329CDF000234A3 /* KartenUnitTests-Info.plist */ = {isa = PBXFileReference; lastKnownFileType = text.plist.xml; path = "KartenUnitTests-Info.plist"; sourceTree = "<group>"; };
		196021E219329CDF000234A3 /* en */ = {isa = PBXFileReference; lastKnownFileType = text.plist.strings; name = en; path = en.lproj/InfoPlist.strings; sourceTree = "<group>"; };
		196021E419329CDF000234A3 /* KartenUnitTests.m */ = {isa = PBXFileReference; lastKnownFileType = sourcecode.c.objc; path = KartenUnitTests.m; sourceTree = "<group>"; };
		196021E619329CDF000234A3 /* KartenUnitTests-Prefix.pch */ = {isa = PBXFileReference; lastKnownFileType = sourcecode.c.h; path = "KartenUnitTests-Prefix.pch"; sourceTree = "<group>"; };
		196021EC19329DE3000234A3 /* TestJSONParsing.m */ = {isa = PBXFileReference; fileEncoding = 4; lastKnownFileType = sourcecode.c.objc; path = TestJSONParsing.m; sourceTree = "<group>"; };
		196021EF1932A88D000234A3 /* CreateDatabaseData.json */ = {isa = PBXFileReference; fileEncoding = 4; lastKnownFileType = text.json; path = CreateDatabaseData.json; sourceTree = "<group>"; };
		196021F01932A88D000234A3 /* UserListFetch.json */ = {isa = PBXFileReference; fileEncoding = 4; lastKnownFileType = text.json; path = UserListFetch.json; sourceTree = "<group>"; };
		196603EF193EFFBA0027698E /* Card+Network.h */ = {isa = PBXFileReference; fileEncoding = 4; lastKnownFileType = sourcecode.c.h; name = "Card+Network.h"; path = "Classes/Card+Network.h"; sourceTree = "<group>"; };
		196603F0193EFFBA0027698E /* Card+Network.m */ = {isa = PBXFileReference; fileEncoding = 4; lastKnownFileType = sourcecode.c.objc; name = "Card+Network.m"; path = "Classes/Card+Network.m"; sourceTree = "<group>"; };
		1966CD2418DDE9C000E85CDE /* CouchbaseLite.framework */ = {isa = PBXFileReference; lastKnownFileType = wrapper.framework; name = CouchbaseLite.framework; path = Frameworks/CouchbaseLite.framework; sourceTree = "<group>"; };
		1966CD2618DDE9D700E85CDE /* CFNetwork.framework */ = {isa = PBXFileReference; lastKnownFileType = wrapper.framework; name = CFNetwork.framework; path = System/Library/Frameworks/CFNetwork.framework; sourceTree = SDKROOT; };
		1966CD2818DDE9DE00E85CDE /* Security.framework */ = {isa = PBXFileReference; lastKnownFileType = wrapper.framework; name = Security.framework; path = System/Library/Frameworks/Security.framework; sourceTree = SDKROOT; };
		1966CD2A18DDE9EC00E85CDE /* SystemConfiguration.framework */ = {isa = PBXFileReference; lastKnownFileType = wrapper.framework; name = SystemConfiguration.framework; path = System/Library/Frameworks/SystemConfiguration.framework; sourceTree = SDKROOT; };
		1966CD2C18DDE9F300E85CDE /* libsqlite3.dylib */ = {isa = PBXFileReference; lastKnownFileType = "compiled.mach-o.dylib"; name = libsqlite3.dylib; path = usr/lib/libsqlite3.dylib; sourceTree = SDKROOT; };
		1966CD2E18DDE9FA00E85CDE /* libz.dylib */ = {isa = PBXFileReference; lastKnownFileType = "compiled.mach-o.dylib"; name = libz.dylib; path = usr/lib/libz.dylib; sourceTree = SDKROOT; };
		1966CD3018DDF29A00E85CDE /* Database.h */ = {isa = PBXFileReference; fileEncoding = 4; lastKnownFileType = sourcecode.c.h; name = Database.h; path = Classes/Database.h; sourceTree = "<group>"; };
		1966CD3118DDF29A00E85CDE /* Database.m */ = {isa = PBXFileReference; fileEncoding = 4; lastKnownFileType = sourcecode.c.objc; name = Database.m; path = Classes/Database.m; sourceTree = "<group>"; };
		1972491819326FE600030E5E /* Card.h */ = {isa = PBXFileReference; fileEncoding = 4; lastKnownFileType = sourcecode.c.h; name = Card.h; path = Classes/Card.h; sourceTree = "<group>"; };
		1972491919326FE600030E5E /* Card.m */ = {isa = PBXFileReference; fileEncoding = 4; lastKnownFileType = sourcecode.c.objc; name = Card.m; path = Classes/Card.m; sourceTree = "<group>"; };
		1972581719448A39002AD689 /* libPods-Karten.a */ = {isa = PBXFileReference; lastKnownFileType = archive.ar; name = "libPods-Karten.a"; path = "Pods/build/Release-iphoneos/libPods-Karten.a"; sourceTree = "<group>"; };
		1984C8121965D539003402CC /* CardEditViewController.h */ = {isa = PBXFileReference; fileEncoding = 4; lastKnownFileType = sourcecode.c.h; name = CardEditViewController.h; path = Classes/CardEditViewController.h; sourceTree = "<group>"; };
		1984C8131965D539003402CC /* CardEditViewController.m */ = {isa = PBXFileReference; fileEncoding = 4; lastKnownFileType = sourcecode.c.objc; name = CardEditViewController.m; path = Classes/CardEditViewController.m; sourceTree = "<group>"; };
		198AFC351935275A00ABD428 /* NetworkSyncUtil.h */ = {isa = PBXFileReference; fileEncoding = 4; lastKnownFileType = sourcecode.c.h; name = NetworkSyncUtil.h; path = Classes/NetworkSyncUtil.h; sourceTree = "<group>"; };
		198AFC361935275A00ABD428 /* NetworkSyncUtil.m */ = {isa = PBXFileReference; fileEncoding = 4; lastKnownFileType = sourcecode.c.objc; name = NetworkSyncUtil.m; path = Classes/NetworkSyncUtil.m; sourceTree = "<group>"; };
		198AFC381935288A00ABD428 /* KartenNetworkClient.h */ = {isa = PBXFileReference; fileEncoding = 4; lastKnownFileType = sourcecode.c.h; name = KartenNetworkClient.h; path = Classes/KartenNetworkClient.h; sourceTree = "<group>"; };
		198AFC391935288A00ABD428 /* KartenNetworkClient.m */ = {isa = PBXFileReference; fileEncoding = 4; lastKnownFileType = sourcecode.c.objc; name = KartenNetworkClient.m; path = Classes/KartenNetworkClient.m; sourceTree = "<group>"; };
		198AFC3C1935292800ABD428 /* KartenAPICall.h */ = {isa = PBXFileReference; lastKnownFileType = sourcecode.c.h; name = KartenAPICall.h; path = Classes/KartenAPICall.h; sourceTree = "<group>"; };
		198AFC3D19354F2100ABD428 /* KTAPICreateUser.h */ = {isa = PBXFileReference; fileEncoding = 4; lastKnownFileType = sourcecode.c.h; name = KTAPICreateUser.h; path = Classes/KTAPICreateUser.h; sourceTree = "<group>"; };
		198AFC3E19354F2100ABD428 /* KTAPICreateUser.m */ = {isa = PBXFileReference; fileEncoding = 4; lastKnownFileType = sourcecode.c.objc; name = KTAPICreateUser.m; path = Classes/KTAPICreateUser.m; sourceTree = "<group>"; };
		198AFC401935501B00ABD428 /* JSONSerializable.h */ = {isa = PBXFileReference; lastKnownFileType = sourcecode.c.h; name = JSONSerializable.h; path = Classes/JSONSerializable.h; sourceTree = "<group>"; };
		198AFC411935505300ABD428 /* NSManagedObject+JSONSerializable.h */ = {isa = PBXFileReference; fileEncoding = 4; lastKnownFileType = sourcecode.c.h; name = "NSManagedObject+JSONSerializable.h"; path = "Classes/NSManagedObject+JSONSerializable.h"; sourceTree = "<group>"; };
		198AFC421935505300ABD428 /* NSManagedObject+JSONSerializable.m */ = {isa = PBXFileReference; fileEncoding = 4; lastKnownFileType = sourcecode.c.objc; name = "NSManagedObject+JSONSerializable.m"; path = "Classes/NSManagedObject+JSONSerializable.m"; sourceTree = "<group>"; };
		198AFC441935545A00ABD428 /* KartenUserTests.m */ = {isa = PBXFileReference; fileEncoding = 4; lastKnownFileType = sourcecode.c.objc; path = KartenUserTests.m; sourceTree = "<group>"; };
		198AFC461935C61A00ABD428 /* TestUtils.h */ = {isa = PBXFileReference; fileEncoding = 4; lastKnownFileType = sourcecode.c.h; path = TestUtils.h; sourceTree = "<group>"; };
		198AFC471935C61A00ABD428 /* TestUtils.m */ = {isa = PBXFileReference; fileEncoding = 4; lastKnownFileType = sourcecode.c.objc; path = TestUtils.m; sourceTree = "<group>"; };
		198C095E18CC3F5F000C00E2 /* Karten.app */ = {isa = PBXFileReference; explicitFileType = wrapper.application; includeInIndex = 0; path = Karten.app; sourceTree = BUILT_PRODUCTS_DIR; };
		198C096118CC3F5F000C00E2 /* Foundation.framework */ = {isa = PBXFileReference; lastKnownFileType = wrapper.framework; name = Foundation.framework; path = System/Library/Frameworks/Foundation.framework; sourceTree = SDKROOT; };
		198C096318CC3F5F000C00E2 /* CoreGraphics.framework */ = {isa = PBXFileReference; lastKnownFileType = wrapper.framework; name = CoreGraphics.framework; path = System/Library/Frameworks/CoreGraphics.framework; sourceTree = SDKROOT; };
		198C096518CC3F5F000C00E2 /* UIKit.framework */ = {isa = PBXFileReference; lastKnownFileType = wrapper.framework; name = UIKit.framework; path = System/Library/Frameworks/UIKit.framework; sourceTree = SDKROOT; };
		198C096718CC3F5F000C00E2 /* CoreData.framework */ = {isa = PBXFileReference; lastKnownFileType = wrapper.framework; name = CoreData.framework; path = System/Library/Frameworks/CoreData.framework; sourceTree = SDKROOT; };
		198C096B18CC3F5F000C00E2 /* Karten-Info.plist */ = {isa = PBXFileReference; lastKnownFileType = text.plist.xml; path = "Karten-Info.plist"; sourceTree = "<group>"; };
		198C096D18CC3F5F000C00E2 /* en */ = {isa = PBXFileReference; lastKnownFileType = text.plist.strings; name = en; path = en.lproj/InfoPlist.strings; sourceTree = "<group>"; };
		198C096F18CC3F5F000C00E2 /* main.m */ = {isa = PBXFileReference; lastKnownFileType = sourcecode.c.objc; path = main.m; sourceTree = "<group>"; };
		198C097118CC3F5F000C00E2 /* Karten-Prefix.pch */ = {isa = PBXFileReference; lastKnownFileType = sourcecode.c.h; path = "Karten-Prefix.pch"; sourceTree = "<group>"; };
		198C097218CC3F5F000C00E2 /* AppDelegate.h */ = {isa = PBXFileReference; lastKnownFileType = sourcecode.c.h; path = AppDelegate.h; sourceTree = "<group>"; };
		198C097318CC3F5F000C00E2 /* AppDelegate.m */ = {isa = PBXFileReference; lastKnownFileType = sourcecode.c.objc; path = AppDelegate.m; sourceTree = "<group>"; };
		198C097818CC3F5F000C00E2 /* Images.xcassets */ = {isa = PBXFileReference; lastKnownFileType = folder.assetcatalog; path = Images.xcassets; sourceTree = "<group>"; };
		198C097F18CC3F5F000C00E2 /* XCTest.framework */ = {isa = PBXFileReference; lastKnownFileType = wrapper.framework; name = XCTest.framework; path = Library/Frameworks/XCTest.framework; sourceTree = DEVELOPER_DIR; };
		198C099B18CC4976000C00E2 /* Card+Helpers.h */ = {isa = PBXFileReference; fileEncoding = 4; lastKnownFileType = sourcecode.c.h; name = "Card+Helpers.h"; path = "Classes/Card+Helpers.h"; sourceTree = "<group>"; };
		198C099C18CC4976000C00E2 /* Card+Helpers.m */ = {isa = PBXFileReference; fileEncoding = 4; lastKnownFileType = sourcecode.c.objc; name = "Card+Helpers.m"; path = "Classes/Card+Helpers.m"; sourceTree = "<group>"; };
		198C09A118CC4A3A000C00E2 /* CardTableView.h */ = {isa = PBXFileReference; fileEncoding = 4; lastKnownFileType = sourcecode.c.h; name = CardTableView.h; path = Classes/CardTableView.h; sourceTree = "<group>"; };
		198C09A218CC4A3A000C00E2 /* CardTableView.m */ = {isa = PBXFileReference; fileEncoding = 4; lastKnownFileType = sourcecode.c.objc; name = CardTableView.m; path = Classes/CardTableView.m; sourceTree = "<group>"; };
		198C09A418CC4A4A000C00E2 /* CardCell.h */ = {isa = PBXFileReference; fileEncoding = 4; lastKnownFileType = sourcecode.c.h; name = CardCell.h; path = Classes/CardCell.h; sourceTree = "<group>"; };
		198C09A518CC4A4A000C00E2 /* CardCell.m */ = {isa = PBXFileReference; fileEncoding = 4; lastKnownFileType = sourcecode.c.objc; name = CardCell.m; path = Classes/CardCell.m; sourceTree = "<group>"; };
		198C09A718CC4A89000C00E2 /* AddCardHeader.h */ = {isa = PBXFileReference; fileEncoding = 4; lastKnownFileType = sourcecode.c.h; name = AddCardHeader.h; path = Classes/AddCardHeader.h; sourceTree = "<group>"; };
		198C09A818CC4A89000C00E2 /* AddCardHeader.m */ = {isa = PBXFileReference; fileEncoding = 4; lastKnownFileType = sourcecode.c.objc; name = AddCardHeader.m; path = Classes/AddCardHeader.m; sourceTree = "<group>"; };
		198C09AA18CC4F10000C00E2 /* UIView+LayoutHelpers.h */ = {isa = PBXFileReference; fileEncoding = 4; lastKnownFileType = sourcecode.c.h; path = "UIView+LayoutHelpers.h"; sourceTree = "<group>"; };
		198C09AB18CC4F10000C00E2 /* UIView+LayoutHelpers.m */ = {isa = PBXFileReference; fileEncoding = 4; lastKnownFileType = sourcecode.c.objc; path = "UIView+LayoutHelpers.m"; sourceTree = "<group>"; };
		198C09AD18CC60A5000C00E2 /* KartenModelHelpers.h */ = {isa = PBXFileReference; lastKnownFileType = sourcecode.c.h; path = KartenModelHelpers.h; sourceTree = "<group>"; };
		198C09B218CC6796000C00E2 /* UITextField+Valdiation.h */ = {isa = PBXFileReference; fileEncoding = 4; lastKnownFileType = sourcecode.c.h; name = "UITextField+Valdiation.h"; path = "Classes/UITextField+Valdiation.h"; sourceTree = "<group>"; };
		198C09B318CC6796000C00E2 /* UITextField+Valdiation.m */ = {isa = PBXFileReference; fileEncoding = 4; lastKnownFileType = sourcecode.c.objc; name = "UITextField+Valdiation.m"; path = "Classes/UITextField+Valdiation.m"; sourceTree = "<group>"; };
		198C09B518CCA1DF000C00E2 /* InfoDisplayView.h */ = {isa = PBXFileReference; fileEncoding = 4; lastKnownFileType = sourcecode.c.h; name = InfoDisplayView.h; path = Classes/InfoDisplayView.h; sourceTree = "<group>"; };
		198C09B618CCA1DF000C00E2 /* InfoDisplayView.m */ = {isa = PBXFileReference; fileEncoding = 4; lastKnownFileType = sourcecode.c.objc; name = InfoDisplayView.m; path = Classes/InfoDisplayView.m; sourceTree = "<group>"; };
		19A547C0194AFA16007B0365 /* StackActionTableViewCell.h */ = {isa = PBXFileReference; fileEncoding = 4; lastKnownFileType = sourcecode.c.h; name = StackActionTableViewCell.h; path = Classes/StackActionTableViewCell.h; sourceTree = "<group>"; };
		19A547C1194AFA16007B0365 /* StackActionTableViewCell.m */ = {isa = PBXFileReference; fileEncoding = 4; lastKnownFileType = sourcecode.c.objc; name = StackActionTableViewCell.m; path = Classes/StackActionTableViewCell.m; sourceTree = "<group>"; };
		19A547C3194B00C0007B0365 /* QuizListViewController.h */ = {isa = PBXFileReference; fileEncoding = 4; lastKnownFileType = sourcecode.c.h; name = QuizListViewController.h; path = Classes/QuizListViewController.h; sourceTree = "<group>"; };
		19A547C4194B00C0007B0365 /* QuizListViewController.m */ = {isa = PBXFileReference; fileEncoding = 4; lastKnownFileType = sourcecode.c.objc; name = QuizListViewController.m; path = Classes/QuizListViewController.m; sourceTree = "<group>"; };
		19A547C6194B0736007B0365 /* StackCollectionViewCell.h */ = {isa = PBXFileReference; fileEncoding = 4; lastKnownFileType = sourcecode.c.h; name = StackCollectionViewCell.h; path = Classes/StackCollectionViewCell.h; sourceTree = "<group>"; };
		19A547C7194B0736007B0365 /* StackCollectionViewCell.m */ = {isa = PBXFileReference; fileEncoding = 4; lastKnownFileType = sourcecode.c.objc; name = StackCollectionViewCell.m; path = Classes/StackCollectionViewCell.m; sourceTree = "<group>"; };
		19A547C9194B0A33007B0365 /* StackCollectionView.h */ = {isa = PBXFileReference; fileEncoding = 4; lastKnownFileType = sourcecode.c.h; name = StackCollectionView.h; path = Classes/StackCollectionView.h; sourceTree = "<group>"; };
		19A547CA194B0A33007B0365 /* StackCollectionView.m */ = {isa = PBXFileReference; fileEncoding = 4; lastKnownFileType = sourcecode.c.objc; name = StackCollectionView.m; path = Classes/StackCollectionView.m; sourceTree = "<group>"; };
		19A547CC194B16F4007B0365 /* StackActionViewController.h */ = {isa = PBXFileReference; fileEncoding = 4; lastKnownFileType = sourcecode.c.h; name = StackActionViewController.h; path = Classes/StackActionViewController.h; sourceTree = "<group>"; };
		19A547CD194B16F4007B0365 /* StackActionViewController.m */ = {isa = PBXFileReference; fileEncoding = 4; lastKnownFileType = sourcecode.c.objc; name = StackActionViewController.m; path = Classes/StackActionViewController.m; sourceTree = "<group>"; };
		19A547D5194B29FC007B0365 /* FlashCardStackFinishedView.h */ = {isa = PBXFileReference; fileEncoding = 4; lastKnownFileType = sourcecode.c.h; name = FlashCardStackFinishedView.h; path = Classes/FlashCardStackFinishedView.h; sourceTree = "<group>"; };
		19A547D6194B29FC007B0365 /* FlashCardStackFinishedView.m */ = {isa = PBXFileReference; fileEncoding = 4; lastKnownFileType = sourcecode.c.objc; name = FlashCardStackFinishedView.m; path = Classes/FlashCardStackFinishedView.m; sourceTree = "<group>"; };
		19A547D8194B2E26007B0365 /* FacebookShareController.h */ = {isa = PBXFileReference; fileEncoding = 4; lastKnownFileType = sourcecode.c.h; name = FacebookShareController.h; path = Classes/FacebookShareController.h; sourceTree = "<group>"; };
		19A547D9194B2E26007B0365 /* FacebookShareController.m */ = {isa = PBXFileReference; fileEncoding = 4; lastKnownFileType = sourcecode.c.objc; name = FacebookShareController.m; path = Classes/FacebookShareController.m; sourceTree = "<group>"; };
		19C5000219369413002AABBD /* StackServer.h */ = {isa = PBXFileReference; fileEncoding = 4; lastKnownFileType = sourcecode.c.h; name = StackServer.h; path = Classes/StackServer.h; sourceTree = "<group>"; };
		19C5000319369413002AABBD /* StackServer.m */ = {isa = PBXFileReference; fileEncoding = 4; lastKnownFileType = sourcecode.c.objc; name = StackServer.m; path = Classes/StackServer.m; sourceTree = "<group>"; };
		19C5000E1936A16E002AABBD /* StackServer+Helpers.h */ = {isa = PBXFileReference; fileEncoding = 4; lastKnownFileType = sourcecode.c.h; name = "StackServer+Helpers.h"; path = "Classes/StackServer+Helpers.h"; sourceTree = "<group>"; };
		19C5000F1936A16E002AABBD /* StackServer+Helpers.m */ = {isa = PBXFileReference; fileEncoding = 4; lastKnownFileType = sourcecode.c.objc; name = "StackServer+Helpers.m"; path = "Classes/StackServer+Helpers.m"; sourceTree = "<group>"; };
		19C5FFF319368584002AABBD /* User.h */ = {isa = PBXFileReference; fileEncoding = 4; lastKnownFileType = sourcecode.c.h; name = User.h; path = Karten/Classes/User.h; sourceTree = SOURCE_ROOT; };
		19C5FFF419368584002AABBD /* User.m */ = {isa = PBXFileReference; fileEncoding = 4; lastKnownFileType = sourcecode.c.objc; name = User.m; path = Karten/Classes/User.m; sourceTree = SOURCE_ROOT; };
		19C5FFF719368EF5002AABBD /* KarenStackTests.m */ = {isa = PBXFileReference; fileEncoding = 4; lastKnownFileType = sourcecode.c.objc; path = KarenStackTests.m; sourceTree = "<group>"; };
		19C93315190316EC0075FA49 /* QuizViewController.h */ = {isa = PBXFileReference; fileEncoding = 4; lastKnownFileType = sourcecode.c.h; name = QuizViewController.h; path = Classes/QuizViewController.h; sourceTree = "<group>"; };
		19C93316190316EC0075FA49 /* QuizViewController.m */ = {isa = PBXFileReference; fileEncoding = 4; lastKnownFileType = sourcecode.c.objc; name = QuizViewController.m; path = Classes/QuizViewController.m; sourceTree = "<group>"; };
		19C9331C190321DD0075FA49 /* FlashCardView.h */ = {isa = PBXFileReference; fileEncoding = 4; lastKnownFileType = sourcecode.c.h; name = FlashCardView.h; path = Classes/FlashCardView.h; sourceTree = "<group>"; };
		19C9331D190321DD0075FA49 /* FlashCardView.m */ = {isa = PBXFileReference; fileEncoding = 4; lastKnownFileType = sourcecode.c.objc; name = FlashCardView.m; path = Classes/FlashCardView.m; sourceTree = "<group>"; };
		19C933201905BFF10075FA49 /* KartenModel.xcdatamodel */ = {isa = PBXFileReference; lastKnownFileType = wrapper.xcdatamodel; path = KartenModel.xcdatamodel; sourceTree = "<group>"; };
		19C933251905CE8D0075FA49 /* CouchManager.h */ = {isa = PBXFileReference; fileEncoding = 4; lastKnownFileType = sourcecode.c.h; name = CouchManager.h; path = Classes/CouchManager.h; sourceTree = "<group>"; };
		19C933261905CE8D0075FA49 /* CouchManager.m */ = {isa = PBXFileReference; fileEncoding = 4; lastKnownFileType = sourcecode.c.objc; name = CouchManager.m; path = Classes/CouchManager.m; sourceTree = "<group>"; };
		19D120DE1935CA5D00EECE71 /* KartenUnitTests.xctest */ = {isa = PBXFileReference; explicitFileType = wrapper.cfbundle; includeInIndex = 0; path = KartenUnitTests.xctest; sourceTree = BUILT_PRODUCTS_DIR; };
		19F7ACC2196935FE00B56B97 /* KartenDesk.app */ = {isa = PBXFileReference; explicitFileType = wrapper.application; includeInIndex = 0; path = KartenDesk.app; sourceTree = BUILT_PRODUCTS_DIR; };
		19F7ACC5196935FE00B56B97 /* Info.plist */ = {isa = PBXFileReference; lastKnownFileType = text.plist.xml; path = Info.plist; sourceTree = "<group>"; };
		19F7ACC6196935FE00B56B97 /* main.m */ = {isa = PBXFileReference; lastKnownFileType = sourcecode.c.objc; path = main.m; sourceTree = "<group>"; };
		19F7ACC8196935FE00B56B97 /* AppDelegate.h */ = {isa = PBXFileReference; lastKnownFileType = sourcecode.c.h; path = AppDelegate.h; sourceTree = "<group>"; };
		19F7ACC9196935FE00B56B97 /* AppDelegate.m */ = {isa = PBXFileReference; lastKnownFileType = sourcecode.c.objc; path = AppDelegate.m; sourceTree = "<group>"; };
		19F7ACCB196935FE00B56B97 /* Images.xcassets */ = {isa = PBXFileReference; lastKnownFileType = folder.assetcatalog; path = Images.xcassets; sourceTree = "<group>"; };
		19F7ACCE196935FE00B56B97 /* Base */ = {isa = PBXFileReference; lastKnownFileType = file.xib; name = Base; path = Base.lproj/MainMenu.xib; sourceTree = "<group>"; };
		19F7ACD4196935FE00B56B97 /* KartenDeskTests.xctest */ = {isa = PBXFileReference; explicitFileType = wrapper.cfbundle; includeInIndex = 0; path = KartenDeskTests.xctest; sourceTree = BUILT_PRODUCTS_DIR; };
		19F7ACD9196935FE00B56B97 /* Info.plist */ = {isa = PBXFileReference; lastKnownFileType = text.plist.xml; path = Info.plist; sourceTree = "<group>"; };
		19F7ACDA196935FE00B56B97 /* KartenDeskTests.m */ = {isa = PBXFileReference; lastKnownFileType = sourcecode.c.objc; path = KartenDeskTests.m; sourceTree = "<group>"; };
		6258AB6A03404D34B77A0731 /* Pods-Karten.xcconfig */ = {isa = PBXFileReference; includeInIndex = 1; lastKnownFileType = text.xcconfig; name = "Pods-Karten.xcconfig"; path = "Pods/Pods-Karten.xcconfig"; sourceTree = "<group>"; };
		924ADDD39200493B92BD599D /* libPods-KartenUnitTests.a */ = {isa = PBXFileReference; explicitFileType = archive.ar; includeInIndex = 0; path = "libPods-KartenUnitTests.a"; sourceTree = BUILT_PRODUCTS_DIR; };
		BEA388A941074F25BA2B035A /* libPods-Karten.a */ = {isa = PBXFileReference; explicitFileType = archive.ar; includeInIndex = 0; path = "libPods-Karten.a"; sourceTree = BUILT_PRODUCTS_DIR; };
		E3856CC703A84A97816E6A96 /* Pods-KartenUnitTests.xcconfig */ = {isa = PBXFileReference; includeInIndex = 1; lastKnownFileType = text.xcconfig; name = "Pods-KartenUnitTests.xcconfig"; path = "Pods/Pods-KartenUnitTests.xcconfig"; sourceTree = "<group>"; };
/* End PBXFileReference section */

/* Begin PBXFrameworksBuildPhase section */
		198C095B18CC3F5F000C00E2 /* Frameworks */ = {
			isa = PBXFrameworksBuildPhase;
			buildActionMask = 2147483647;
			files = (
				194F97301954225300B184D6 /* libfacebook_ios_sdk.a in Frameworks */,
				1972581819448A39002AD689 /* libPods-Karten.a in Frameworks */,
				1966CD2F18DDE9FA00E85CDE /* libz.dylib in Frameworks */,
				1966CD2D18DDE9F300E85CDE /* libsqlite3.dylib in Frameworks */,
				1966CD2B18DDE9EC00E85CDE /* SystemConfiguration.framework in Frameworks */,
				1966CD2918DDE9DE00E85CDE /* Security.framework in Frameworks */,
				1966CD2718DDE9D700E85CDE /* CFNetwork.framework in Frameworks */,
				1966CD2518DDE9C000E85CDE /* CouchbaseLite.framework in Frameworks */,
				198C096418CC3F5F000C00E2 /* CoreGraphics.framework in Frameworks */,
				198C096818CC3F5F000C00E2 /* CoreData.framework in Frameworks */,
				198C096618CC3F5F000C00E2 /* UIKit.framework in Frameworks */,
				198C096218CC3F5F000C00E2 /* Foundation.framework in Frameworks */,
			);
			runOnlyForDeploymentPostprocessing = 0;
		};
		19D120DB1935CA5D00EECE71 /* Frameworks */ = {
			isa = PBXFrameworksBuildPhase;
			buildActionMask = 2147483647;
			files = (
				19D120DF1935CA5D00EECE71 /* XCTest.framework in Frameworks */,
				19D120E11935CA5D00EECE71 /* UIKit.framework in Frameworks */,
				19C5FFF21936369C002AABBD /* CoreData.framework in Frameworks */,
				19D120E01935CA5D00EECE71 /* Foundation.framework in Frameworks */,
				53ADF44A80C44CE6B5DC1496 /* libPods-KartenUnitTests.a in Frameworks */,
			);
			runOnlyForDeploymentPostprocessing = 0;
		};
		19F7ACBF196935FE00B56B97 /* Frameworks */ = {
			isa = PBXFrameworksBuildPhase;
			buildActionMask = 2147483647;
			files = (
			);
			runOnlyForDeploymentPostprocessing = 0;
		};
		19F7ACD1196935FE00B56B97 /* Frameworks */ = {
			isa = PBXFrameworksBuildPhase;
			buildActionMask = 2147483647;
			files = (
			);
			runOnlyForDeploymentPostprocessing = 0;
		};
/* End PBXFrameworksBuildPhase section */

/* Begin PBXGroup section */
		194F970F19541F6200B184D6 /* Products */ = {
			isa = PBXGroup;
			children = (
				194F971A19541F6300B184D6 /* libfacebook_ios_sdk.a */,
				194F971C19541F6300B184D6 /* FacebookSDKTests.xctest */,
				194F971E19541F6300B184D6 /* FacebookSDKIntegrationTests.xctest */,
				194F972019541F6300B184D6 /* FacebookSDKApplicationTests.xctest */,
				194F972219541F6300B184D6 /* FacebookSDKTestHost.app */,
			);
			name = Products;
			sourceTree = "<group>";
		};
		195CEA7A193809680044C52B /* Stack */ = {
			isa = PBXGroup;
			children = (
				190A8F831960BE5300586435 /* Stack.h */,
				190A8F841960BE5300586435 /* Stack.m */,
				195CEA6B19378A260044C52B /* Stack+Network.h */,
				195CEA6C19378A260044C52B /* Stack+Network.m */,
				196021D0193295DE000234A3 /* Stack+Helpers.h */,
				196021D1193295DE000234A3 /* Stack+Helpers.m */,
				195CEA7C193809E20044C52B /* Stack+CouchBase.h */,
				195CEA7D193809E20044C52B /* Stack+CouchBase.m */,
			);
			name = Stack;
			sourceTree = "<group>";
		};
		195CEA7B193809B00044C52B /* StackServer */ = {
			isa = PBXGroup;
			children = (
				19C5000219369413002AABBD /* StackServer.h */,
				19C5000319369413002AABBD /* StackServer.m */,
				19C5000E1936A16E002AABBD /* StackServer+Helpers.h */,
				19C5000F1936A16E002AABBD /* StackServer+Helpers.m */,
			);
			name = StackServer;
			sourceTree = "<group>";
		};
		196021DE19329CDF000234A3 /* KartenUnitTests */ = {
			isa = PBXGroup;
			children = (
				196021EE1932A854000234A3 /* Test Data */,
				196021E419329CDF000234A3 /* KartenUnitTests.m */,
				198AFC441935545A00ABD428 /* KartenUserTests.m */,
				19C5FFF719368EF5002AABBD /* KarenStackTests.m */,
				19C5FFF319368584002AABBD /* User.h */,
				19C5FFF419368584002AABBD /* User.m */,
				198AFC461935C61A00ABD428 /* TestUtils.h */,
				198AFC471935C61A00ABD428 /* TestUtils.m */,
				196021EC19329DE3000234A3 /* TestJSONParsing.m */,
				196021DF19329CDF000234A3 /* Supporting Files */,
			);
			path = KartenUnitTests;
			sourceTree = "<group>";
		};
		196021DF19329CDF000234A3 /* Supporting Files */ = {
			isa = PBXGroup;
			children = (
				196021E019329CDF000234A3 /* KartenUnitTests-Info.plist */,
				196021E119329CDF000234A3 /* InfoPlist.strings */,
				196021E619329CDF000234A3 /* KartenUnitTests-Prefix.pch */,
			);
			name = "Supporting Files";
			sourceTree = "<group>";
		};
		196021EE1932A854000234A3 /* Test Data */ = {
			isa = PBXGroup;
			children = (
				196021EF1932A88D000234A3 /* CreateDatabaseData.json */,
				196021F01932A88D000234A3 /* UserListFetch.json */,
			);
			name = "Test Data";
			sourceTree = "<group>";
		};
		198AFC341935273600ABD428 /* Network */ = {
			isa = PBXGroup;
			children = (
				198AFC3B193528F800ABD428 /* API Calls */,
				198AFC351935275A00ABD428 /* NetworkSyncUtil.h */,
				198AFC361935275A00ABD428 /* NetworkSyncUtil.m */,
				198AFC381935288A00ABD428 /* KartenNetworkClient.h */,
				198AFC391935288A00ABD428 /* KartenNetworkClient.m */,
			);
			name = Network;
			sourceTree = "<group>";
		};
		198AFC3B193528F800ABD428 /* API Calls */ = {
			isa = PBXGroup;
			children = (
				198AFC3C1935292800ABD428 /* KartenAPICall.h */,
				198AFC3D19354F2100ABD428 /* KTAPICreateUser.h */,
				198AFC3E19354F2100ABD428 /* KTAPICreateUser.m */,
				190A8F861961462A00586435 /* KTAPIAddUserToStack.h */,
				190A8F871961462A00586435 /* KTAPIAddUserToStack.m */,
				195CEA771937EA480044C52B /* KTAPICreateStack.h */,
				195CEA781937EA480044C52B /* KTAPICreateStack.m */,
				195CEA67193781CE0044C52B /* KTAPIGetUserStacks.h */,
				195CEA68193781CE0044C52B /* KTAPIGetUserStacks.m */,
			);
			name = "API Calls";
			sourceTree = "<group>";
		};
		198C095518CC3F5F000C00E2 = {
			isa = PBXGroup;
			children = (
				194F97311954237C00B184D6 /* NSObject+NSDictionaryRepresentation.m */,
				194F97321954237C00B184D6 /* NSObject+NSDictionaryRepresentation.h */,
				194F970E19541F6200B184D6 /* facebook-ios-sdk.xcodeproj */,
				198C096918CC3F5F000C00E2 /* Karten */,
				196021DE19329CDF000234A3 /* KartenUnitTests */,
				19F7ACC3196935FE00B56B97 /* KartenDesk */,
				19F7ACD7196935FE00B56B97 /* KartenDeskTests */,
				198C096018CC3F5F000C00E2 /* Frameworks */,
				198C095F18CC3F5F000C00E2 /* Products */,
				6258AB6A03404D34B77A0731 /* Pods-Karten.xcconfig */,
				E3856CC703A84A97816E6A96 /* Pods-KartenUnitTests.xcconfig */,
			);
			sourceTree = "<group>";
		};
		198C095F18CC3F5F000C00E2 /* Products */ = {
			isa = PBXGroup;
			children = (
				198C095E18CC3F5F000C00E2 /* Karten.app */,
				19D120DE1935CA5D00EECE71 /* KartenUnitTests.xctest */,
				19F7ACC2196935FE00B56B97 /* KartenDesk.app */,
				19F7ACD4196935FE00B56B97 /* KartenDeskTests.xctest */,
			);
			name = Products;
			sourceTree = "<group>";
		};
		198C096018CC3F5F000C00E2 /* Frameworks */ = {
			isa = PBXGroup;
			children = (
				1972581719448A39002AD689 /* libPods-Karten.a */,
				1966CD2E18DDE9FA00E85CDE /* libz.dylib */,
				1966CD2C18DDE9F300E85CDE /* libsqlite3.dylib */,
				1966CD2A18DDE9EC00E85CDE /* SystemConfiguration.framework */,
				1966CD2818DDE9DE00E85CDE /* Security.framework */,
				1966CD2618DDE9D700E85CDE /* CFNetwork.framework */,
				1966CD2418DDE9C000E85CDE /* CouchbaseLite.framework */,
				198C096118CC3F5F000C00E2 /* Foundation.framework */,
				198C096318CC3F5F000C00E2 /* CoreGraphics.framework */,
				198C096518CC3F5F000C00E2 /* UIKit.framework */,
				198C096718CC3F5F000C00E2 /* CoreData.framework */,
				198C097F18CC3F5F000C00E2 /* XCTest.framework */,
				BEA388A941074F25BA2B035A /* libPods-Karten.a */,
				924ADDD39200493B92BD599D /* libPods-KartenUnitTests.a */,
			);
			name = Frameworks;
			sourceTree = "<group>";
		};
		198C096918CC3F5F000C00E2 /* Karten */ = {
			isa = PBXGroup;
			children = (
				198AFC341935273600ABD428 /* Network */,
				198C09AE18CC674C000C00E2 /* Helpers */,
				198C099618CC48E8000C00E2 /* DB */,
				198C097218CC3F5F000C00E2 /* AppDelegate.h */,
				198C097318CC3F5F000C00E2 /* AppDelegate.m */,
				1984C8121965D539003402CC /* CardEditViewController.h */,
				1984C8131965D539003402CC /* CardEditViewController.m */,
				195CEA511936B2650044C52B /* FacebookLoginViewController.h */,
				195CEA521936B2650044C52B /* FacebookLoginViewController.m */,
				195CEA5B193731C00044C52B /* FacebookSessionManager.h */,
				195CEA5C193731C00044C52B /* FacebookSessionManager.m */,
				195CEA55193720130044C52B /* MainViewController.h */,
				195CEA56193720130044C52B /* MainViewController.m */,
				190A8F7C1960ADC700586435 /* FriendPickerDelegate.h */,
				190A8F7D1960ADC700586435 /* FriendPickerDelegate.m */,
				195CEA5E19376E030044C52B /* StackListViewController.h */,
				195CEA5F19376E030044C52B /* StackListViewController.m */,
				19A547C3194B00C0007B0365 /* QuizListViewController.h */,
				19A547C4194B00C0007B0365 /* QuizListViewController.m */,
				195CEA711937A8450044C52B /* AddStackFormView.h */,
				195CEA721937A8450044C52B /* AddStackFormView.m */,
				195CEA821938AAF60044C52B /* AddCardFormView.h */,
				195CEA831938AAF60044C52B /* AddCardFormView.m */,
				195CEA6119376E1E0044C52B /* StackListTableView.h */,
				195CEA6219376E1E0044C52B /* StackListTableView.m */,
				19A547C6194B0736007B0365 /* StackCollectionViewCell.h */,
				19A547C7194B0736007B0365 /* StackCollectionViewCell.m */,
				19A547C9194B0A33007B0365 /* StackCollectionView.h */,
				19A547CA194B0A33007B0365 /* StackCollectionView.m */,
				19A547CC194B16F4007B0365 /* StackActionViewController.h */,
				19A547CD194B16F4007B0365 /* StackActionViewController.m */,
				195CEA6E1937A0D20044C52B /* AddStackTableViewCell.h */,
				195CEA6F1937A0D20044C52B /* AddStackTableViewCell.m */,
				195CEA6419376E790044C52B /* StackListTableViewCell.h */,
				195CEA6519376E790044C52B /* StackListTableViewCell.m */,
				19A547C0194AFA16007B0365 /* StackActionTableViewCell.h */,
				19A547C1194AFA16007B0365 /* StackActionTableViewCell.m */,
				19C93315190316EC0075FA49 /* QuizViewController.h */,
				19C93316190316EC0075FA49 /* QuizViewController.m */,
				19A547D8194B2E26007B0365 /* FacebookShareController.h */,
				19A547D9194B2E26007B0365 /* FacebookShareController.m */,
				195CEA7F19387E020044C52B /* CardListViewController.h */,
				195CEA8019387E020044C52B /* CardListViewController.m */,
				198C09A118CC4A3A000C00E2 /* CardTableView.h */,
				198C09A218CC4A3A000C00E2 /* CardTableView.m */,
				1966CD3018DDF29A00E85CDE /* Database.h */,
				1966CD3118DDF29A00E85CDE /* Database.m */,
				198C09A418CC4A4A000C00E2 /* CardCell.h */,
				198C09A518CC4A4A000C00E2 /* CardCell.m */,
				198C09B518CCA1DF000C00E2 /* InfoDisplayView.h */,
				198C09B618CCA1DF000C00E2 /* InfoDisplayView.m */,
				19C9331C190321DD0075FA49 /* FlashCardView.h */,
				19C9331D190321DD0075FA49 /* FlashCardView.m */,
				190858F019653B85003E2784 /* FlashCardAnswerView.h */,
				190858F119653B85003E2784 /* FlashCardAnswerView.m */,
				190858FA19653D0F003E2784 /* FlashCardQuestionView.h */,
				190858FB19653D0F003E2784 /* FlashCardQuestionView.m */,
				190858FD19653F0A003E2784 /* FlashCardDisplayView.h */,
				19A547D5194B29FC007B0365 /* FlashCardStackFinishedView.h */,
				19A547D6194B29FC007B0365 /* FlashCardStackFinishedView.m */,
				198C09A718CC4A89000C00E2 /* AddCardHeader.h */,
				198C09A818CC4A89000C00E2 /* AddCardHeader.m */,
				195CEA741937E7260044C52B /* GraphicsUtils.h */,
				195CEA751937E7260044C52B /* GraphicsUtils.m */,
				19169F4119005B3600F822C6 /* 33-cabinet.png */,
				19169F4219005B3600F822C6 /* 33-cabinet@2x.png */,
				198C097818CC3F5F000C00E2 /* Images.xcassets */,
				198C096A18CC3F5F000C00E2 /* Supporting Files */,
			);
			path = Karten;
			sourceTree = "<group>";
		};
		198C096A18CC3F5F000C00E2 /* Supporting Files */ = {
			isa = PBXGroup;
			children = (
				198C096B18CC3F5F000C00E2 /* Karten-Info.plist */,
				198C096C18CC3F5F000C00E2 /* InfoPlist.strings */,
				198C096F18CC3F5F000C00E2 /* main.m */,
				198C097118CC3F5F000C00E2 /* Karten-Prefix.pch */,
				198C09AD18CC60A5000C00E2 /* KartenModelHelpers.h */,
			);
			name = "Supporting Files";
			sourceTree = "<group>";
		};
		198C099618CC48E8000C00E2 /* DB */ = {
			isa = PBXGroup;
			children = (
				195CEA7B193809B00044C52B /* StackServer */,
				195CEA7A193809680044C52B /* Stack */,
				198C099A18CC4957000C00E2 /* Card */,
				19C9331F1905BFF10075FA49 /* KartenModel.xcdatamodeld */,
				196021C719329569000234A3 /* User.h */,
				196021C819329569000234A3 /* User.m */,
				196021D3193295F1000234A3 /* User+Helpers.h */,
				196021D4193295F1000234A3 /* User+Helpers.m */,
				196021C61932953F000234A3 /* JSONParsable.h */,
				198AFC401935501B00ABD428 /* JSONSerializable.h */,
				198AFC411935505300ABD428 /* NSManagedObject+JSONSerializable.h */,
				198AFC421935505300ABD428 /* NSManagedObject+JSONSerializable.m */,
				196021C319329497000234A3 /* NSManagedObject+JSONParsable.h */,
				196021C419329497000234A3 /* NSManagedObject+JSONParsable.m */,
				19C933251905CE8D0075FA49 /* CouchManager.h */,
				19C933261905CE8D0075FA49 /* CouchManager.m */,
				195CEA6A193784560044C52B /* KartenDBExceptions.h */,
			);
			name = DB;
			sourceTree = "<group>";
		};
		198C099A18CC4957000C00E2 /* Card */ = {
			isa = PBXGroup;
			children = (
				1972491819326FE600030E5E /* Card.h */,
				1972491919326FE600030E5E /* Card.m */,
				198C099B18CC4976000C00E2 /* Card+Helpers.h */,
				198C099C18CC4976000C00E2 /* Card+Helpers.m */,
				196603EF193EFFBA0027698E /* Card+Network.h */,
				196603F0193EFFBA0027698E /* Card+Network.m */,
			);
			name = Card;
			sourceTree = "<group>";
		};
		198C09AE18CC674C000C00E2 /* Helpers */ = {
			isa = PBXGroup;
			children = (
				198C09AA18CC4F10000C00E2 /* UIView+LayoutHelpers.h */,
				198C09AB18CC4F10000C00E2 /* UIView+LayoutHelpers.m */,
				198C09B218CC6796000C00E2 /* UITextField+Valdiation.h */,
				198C09B318CC6796000C00E2 /* UITextField+Valdiation.m */,
			);
			name = Helpers;
			sourceTree = "<group>";
		};
		19F7ACC3196935FE00B56B97 /* KartenDesk */ = {
			isa = PBXGroup;
			children = (
				19F7ACC8196935FE00B56B97 /* AppDelegate.h */,
				19F7ACC9196935FE00B56B97 /* AppDelegate.m */,
				19F7ACCB196935FE00B56B97 /* Images.xcassets */,
				19F7ACCD196935FE00B56B97 /* MainMenu.xib */,
				19F7ACC4196935FE00B56B97 /* Supporting Files */,
			);
			path = KartenDesk;
			sourceTree = "<group>";
		};
		19F7ACC4196935FE00B56B97 /* Supporting Files */ = {
			isa = PBXGroup;
			children = (
				19F7ACC5196935FE00B56B97 /* Info.plist */,
				19F7ACC6196935FE00B56B97 /* main.m */,
			);
			name = "Supporting Files";
			sourceTree = "<group>";
		};
		19F7ACD7196935FE00B56B97 /* KartenDeskTests */ = {
			isa = PBXGroup;
			children = (
				19F7ACDA196935FE00B56B97 /* KartenDeskTests.m */,
				19F7ACD8196935FE00B56B97 /* Supporting Files */,
			);
			path = KartenDeskTests;
			sourceTree = "<group>";
		};
		19F7ACD8196935FE00B56B97 /* Supporting Files */ = {
			isa = PBXGroup;
			children = (
				19F7ACD9196935FE00B56B97 /* Info.plist */,
			);
			name = "Supporting Files";
			sourceTree = "<group>";
		};
/* End PBXGroup section */

/* Begin PBXNativeTarget section */
		198C095D18CC3F5F000C00E2 /* Karten */ = {
			isa = PBXNativeTarget;
			buildConfigurationList = 198C099018CC3F5F000C00E2 /* Build configuration list for PBXNativeTarget "Karten" */;
			buildPhases = (
				856598AB8CB14485950C186A /* Check Pods Manifest.lock */,
				198C095A18CC3F5F000C00E2 /* Sources */,
				198C095B18CC3F5F000C00E2 /* Frameworks */,
				198C095C18CC3F5F000C00E2 /* Resources */,
				0E292E6B4BA64EF9B9F5B221 /* Copy Pods Resources */,
			);
			buildRules = (
			);
			dependencies = (
				194F972419541FD200B184D6 /* PBXTargetDependency */,
			);
			name = Karten;
			productName = Karten;
			productReference = 198C095E18CC3F5F000C00E2 /* Karten.app */;
			productType = "com.apple.product-type.application";
		};
		19D120DD1935CA5D00EECE71 /* KartenUnitTests */ = {
			isa = PBXNativeTarget;
			buildConfigurationList = 19D120ED1935CA5D00EECE71 /* Build configuration list for PBXNativeTarget "KartenUnitTests" */;
			buildPhases = (
				91DEC940E00D481CAE64C270 /* Check Pods Manifest.lock */,
				19D120DA1935CA5D00EECE71 /* Sources */,
				19D120DB1935CA5D00EECE71 /* Frameworks */,
				19D120DC1935CA5D00EECE71 /* Resources */,
				091C4738AAF94AE192A8A36A /* Copy Pods Resources */,
			);
			buildRules = (
			);
			dependencies = (
				19D120EC1935CA5D00EECE71 /* PBXTargetDependency */,
			);
			name = KartenUnitTests;
			productName = KartenUnitTests;
			productReference = 19D120DE1935CA5D00EECE71 /* KartenUnitTests.xctest */;
			productType = "com.apple.product-type.bundle.unit-test";
		};
		19F7ACC1196935FE00B56B97 /* KartenDesk */ = {
			isa = PBXNativeTarget;
			buildConfigurationList = 19F7ACE4196935FE00B56B97 /* Build configuration list for PBXNativeTarget "KartenDesk" */;
			buildPhases = (
				19F7ACBE196935FE00B56B97 /* Sources */,
				19F7ACBF196935FE00B56B97 /* Frameworks */,
				19F7ACC0196935FE00B56B97 /* Resources */,
			);
			buildRules = (
			);
			dependencies = (
			);
			name = KartenDesk;
			productName = KartenDesk;
			productReference = 19F7ACC2196935FE00B56B97 /* KartenDesk.app */;
			productType = "com.apple.product-type.application";
		};
		19F7ACD3196935FE00B56B97 /* KartenDeskTests */ = {
			isa = PBXNativeTarget;
			buildConfigurationList = 19F7ACE5196935FE00B56B97 /* Build configuration list for PBXNativeTarget "KartenDeskTests" */;
			buildPhases = (
				19F7ACD0196935FE00B56B97 /* Sources */,
				19F7ACD1196935FE00B56B97 /* Frameworks */,
				19F7ACD2196935FE00B56B97 /* Resources */,
			);
			buildRules = (
			);
			dependencies = (
				19F7ACD6196935FE00B56B97 /* PBXTargetDependency */,
			);
			name = KartenDeskTests;
			productName = KartenDeskTests;
			productReference = 19F7ACD4196935FE00B56B97 /* KartenDeskTests.xctest */;
			productType = "com.apple.product-type.bundle.unit-test";
		};
/* End PBXNativeTarget section */

/* Begin PBXProject section */
		198C095618CC3F5F000C00E2 /* Project object */ = {
			isa = PBXProject;
			attributes = {
				LastUpgradeCheck = 0510;
				ORGANIZATIONNAME = Sashimiblade;
				TargetAttributes = {
					19D120DD1935CA5D00EECE71 = {
						TestTargetID = 198C095D18CC3F5F000C00E2;
					};
					19F7ACC1196935FE00B56B97 = {
						CreatedOnToolsVersion = 6.0;
					};
					19F7ACD3196935FE00B56B97 = {
						CreatedOnToolsVersion = 6.0;
						TestTargetID = 19F7ACC1196935FE00B56B97;
					};
				};
			};
			buildConfigurationList = 198C095918CC3F5F000C00E2 /* Build configuration list for PBXProject "Karten" */;
			compatibilityVersion = "Xcode 3.2";
			developmentRegion = English;
			hasScannedForEncodings = 0;
			knownRegions = (
				en,
				Base,
			);
			mainGroup = 198C095518CC3F5F000C00E2;
			productRefGroup = 198C095F18CC3F5F000C00E2 /* Products */;
			projectDirPath = "";
			projectReferences = (
				{
					ProductGroup = 194F970F19541F6200B184D6 /* Products */;
					ProjectRef = 194F970E19541F6200B184D6 /* facebook-ios-sdk.xcodeproj */;
				},
			);
			projectRoot = "";
			targets = (
				198C095D18CC3F5F000C00E2 /* Karten */,
				19D120DD1935CA5D00EECE71 /* KartenUnitTests */,
				19F7ACC1196935FE00B56B97 /* KartenDesk */,
				19F7ACD3196935FE00B56B97 /* KartenDeskTests */,
			);
		};
/* End PBXProject section */

/* Begin PBXReferenceProxy section */
		194F971A19541F6300B184D6 /* libfacebook_ios_sdk.a */ = {
			isa = PBXReferenceProxy;
			fileType = archive.ar;
			path = libfacebook_ios_sdk.a;
			remoteRef = 194F971919541F6300B184D6 /* PBXContainerItemProxy */;
			sourceTree = BUILT_PRODUCTS_DIR;
		};
		194F971C19541F6300B184D6 /* FacebookSDKTests.xctest */ = {
			isa = PBXReferenceProxy;
			fileType = wrapper.cfbundle;
			path = FacebookSDKTests.xctest;
			remoteRef = 194F971B19541F6300B184D6 /* PBXContainerItemProxy */;
			sourceTree = BUILT_PRODUCTS_DIR;
		};
		194F971E19541F6300B184D6 /* FacebookSDKIntegrationTests.xctest */ = {
			isa = PBXReferenceProxy;
			fileType = wrapper.cfbundle;
			path = FacebookSDKIntegrationTests.xctest;
			remoteRef = 194F971D19541F6300B184D6 /* PBXContainerItemProxy */;
			sourceTree = BUILT_PRODUCTS_DIR;
		};
		194F972019541F6300B184D6 /* FacebookSDKApplicationTests.xctest */ = {
			isa = PBXReferenceProxy;
			fileType = wrapper.cfbundle;
			path = FacebookSDKApplicationTests.xctest;
			remoteRef = 194F971F19541F6300B184D6 /* PBXContainerItemProxy */;
			sourceTree = BUILT_PRODUCTS_DIR;
		};
		194F972219541F6300B184D6 /* FacebookSDKTestHost.app */ = {
			isa = PBXReferenceProxy;
			fileType = wrapper.application;
			path = FacebookSDKTestHost.app;
			remoteRef = 194F972119541F6300B184D6 /* PBXContainerItemProxy */;
			sourceTree = BUILT_PRODUCTS_DIR;
		};
/* End PBXReferenceProxy section */

/* Begin PBXResourcesBuildPhase section */
		198C095C18CC3F5F000C00E2 /* Resources */ = {
			isa = PBXResourcesBuildPhase;
			buildActionMask = 2147483647;
			files = (
				19BC93B31935CDF600CC8725 /* CreateDatabaseData.json in Resources */,
				198C096E18CC3F5F000C00E2 /* InfoPlist.strings in Resources */,
				19169F4319005B3600F822C6 /* 33-cabinet.png in Resources */,
				19BC93B41935CDF600CC8725 /* UserListFetch.json in Resources */,
				198C097918CC3F5F000C00E2 /* Images.xcassets in Resources */,
				19169F4419005B3600F822C6 /* 33-cabinet@2x.png in Resources */,
			);
			runOnlyForDeploymentPostprocessing = 0;
		};
		19D120DC1935CA5D00EECE71 /* Resources */ = {
			isa = PBXResourcesBuildPhase;
			buildActionMask = 2147483647;
			files = (
				19BC93B21935CD4E00CC8725 /* UserListFetch.json in Resources */,
				19BC93B11935CD4E00CC8725 /* CreateDatabaseData.json in Resources */,
			);
			runOnlyForDeploymentPostprocessing = 0;
		};
		19F7ACC0196935FE00B56B97 /* Resources */ = {
			isa = PBXResourcesBuildPhase;
			buildActionMask = 2147483647;
			files = (
				19F7ACCC196935FE00B56B97 /* Images.xcassets in Resources */,
				19F7ACCF196935FE00B56B97 /* MainMenu.xib in Resources */,
			);
			runOnlyForDeploymentPostprocessing = 0;
		};
		19F7ACD2196935FE00B56B97 /* Resources */ = {
			isa = PBXResourcesBuildPhase;
			buildActionMask = 2147483647;
			files = (
			);
			runOnlyForDeploymentPostprocessing = 0;
		};
/* End PBXResourcesBuildPhase section */

/* Begin PBXShellScriptBuildPhase section */
		091C4738AAF94AE192A8A36A /* Copy Pods Resources */ = {
			isa = PBXShellScriptBuildPhase;
			buildActionMask = 2147483647;
			files = (
			);
			inputPaths = (
			);
			name = "Copy Pods Resources";
			outputPaths = (
			);
			runOnlyForDeploymentPostprocessing = 0;
			shellPath = /bin/sh;
			shellScript = "\"${SRCROOT}/Pods/Pods-KartenUnitTests-resources.sh\"\n";
			showEnvVarsInLog = 0;
		};
		0E292E6B4BA64EF9B9F5B221 /* Copy Pods Resources */ = {
			isa = PBXShellScriptBuildPhase;
			buildActionMask = 2147483647;
			files = (
			);
			inputPaths = (
			);
			name = "Copy Pods Resources";
			outputPaths = (
			);
			runOnlyForDeploymentPostprocessing = 0;
			shellPath = /bin/sh;
			shellScript = "\"${SRCROOT}/Pods/Pods-Karten-resources.sh\"\n";
			showEnvVarsInLog = 0;
		};
		856598AB8CB14485950C186A /* Check Pods Manifest.lock */ = {
			isa = PBXShellScriptBuildPhase;
			buildActionMask = 2147483647;
			files = (
			);
			inputPaths = (
			);
			name = "Check Pods Manifest.lock";
			outputPaths = (
			);
			runOnlyForDeploymentPostprocessing = 0;
			shellPath = /bin/sh;
			shellScript = "diff \"${PODS_ROOT}/../Podfile.lock\" \"${PODS_ROOT}/Manifest.lock\" > /dev/null\nif [[ $? != 0 ]] ; then\n    cat << EOM\nerror: The sandbox is not in sync with the Podfile.lock. Run 'pod install' or update your CocoaPods installation.\nEOM\n    exit 1\nfi\n";
			showEnvVarsInLog = 0;
		};
		91DEC940E00D481CAE64C270 /* Check Pods Manifest.lock */ = {
			isa = PBXShellScriptBuildPhase;
			buildActionMask = 2147483647;
			files = (
			);
			inputPaths = (
			);
			name = "Check Pods Manifest.lock";
			outputPaths = (
			);
			runOnlyForDeploymentPostprocessing = 0;
			shellPath = /bin/sh;
			shellScript = "diff \"${PODS_ROOT}/../Podfile.lock\" \"${PODS_ROOT}/Manifest.lock\" > /dev/null\nif [[ $? != 0 ]] ; then\n    cat << EOM\nerror: The sandbox is not in sync with the Podfile.lock. Run 'pod install' or update your CocoaPods installation.\nEOM\n    exit 1\nfi\n";
			showEnvVarsInLog = 0;
		};
/* End PBXShellScriptBuildPhase section */

/* Begin PBXSourcesBuildPhase section */
		198C095A18CC3F5F000C00E2 /* Sources */ = {
			isa = PBXSourcesBuildPhase;
			buildActionMask = 2147483647;
			files = (
				195CEA701937A0D20044C52B /* AddStackTableViewCell.m in Sources */,
				195CEA761937E7260044C52B /* GraphicsUtils.m in Sources */,
				190A8F881961462A00586435 /* KTAPIAddUserToStack.m in Sources */,
				190858F219653B85003E2784 /* FlashCardAnswerView.m in Sources */,
				19A547CB194B0A33007B0365 /* StackCollectionView.m in Sources */,
				198C09B418CC6796000C00E2 /* UITextField+Valdiation.m in Sources */,
				1966CD3218DDF29A00E85CDE /* Database.m in Sources */,
				19A547C2194AFA16007B0365 /* StackActionTableViewCell.m in Sources */,
				198C097418CC3F5F000C00E2 /* AppDelegate.m in Sources */,
				195CEA6319376E1E0044C52B /* StackListTableView.m in Sources */,
				19C933211905BFF10075FA49 /* KartenModel.xcdatamodeld in Sources */,
				196603F1193EFFBA0027698E /* Card+Network.m in Sources */,
				198AFC3A1935288A00ABD428 /* KartenNetworkClient.m in Sources */,
				19A547C8194B0736007B0365 /* StackCollectionViewCell.m in Sources */,
				19C9331E190321DD0075FA49 /* FlashCardView.m in Sources */,
				194F97331954237C00B184D6 /* NSObject+NSDictionaryRepresentation.m in Sources */,
				195CEA841938AAF60044C52B /* AddCardFormView.m in Sources */,
				190858FC19653D0F003E2784 /* FlashCardQuestionView.m in Sources */,
				195CEA7E193809E20044C52B /* Stack+CouchBase.m in Sources */,
				195CEA69193781CE0044C52B /* KTAPIGetUserStacks.m in Sources */,
				196021C519329497000234A3 /* NSManagedObject+JSONParsable.m in Sources */,
				19A547CE194B16F4007B0365 /* StackActionViewController.m in Sources */,
				195CEA791937EA480044C52B /* KTAPICreateStack.m in Sources */,
				19C933271905CE8D0075FA49 /* CouchManager.m in Sources */,
				198AFC3F19354F2100ABD428 /* KTAPICreateUser.m in Sources */,
				198AFC431935505300ABD428 /* NSManagedObject+JSONSerializable.m in Sources */,
				196021D5193295F1000234A3 /* User+Helpers.m in Sources */,
				198C099D18CC4976000C00E2 /* Card+Helpers.m in Sources */,
				195CEA57193720130044C52B /* MainViewController.m in Sources */,
				196021D2193295DE000234A3 /* Stack+Helpers.m in Sources */,
				19A547DA194B2E26007B0365 /* FacebookShareController.m in Sources */,
				19A547D7194B29FC007B0365 /* FlashCardStackFinishedView.m in Sources */,
				195CEA8119387E020044C52B /* CardListViewController.m in Sources */,
				195CEA731937A8450044C52B /* AddStackFormView.m in Sources */,
				195CEA6D19378A260044C52B /* Stack+Network.m in Sources */,
				19C5000419369413002AABBD /* StackServer.m in Sources */,
				198C09B718CCA1DF000C00E2 /* InfoDisplayView.m in Sources */,
				198C097018CC3F5F000C00E2 /* main.m in Sources */,
				19C93317190316EC0075FA49 /* QuizViewController.m in Sources */,
				198C09A918CC4A89000C00E2 /* AddCardHeader.m in Sources */,
				1972491A19326FE600030E5E /* Card.m in Sources */,
				198AFC371935275A00ABD428 /* NetworkSyncUtil.m in Sources */,
				190A8F851960BE5300586435 /* Stack.m in Sources */,
				195CEA531936B2650044C52B /* FacebookLoginViewController.m in Sources */,
				19A547C5194B00C0007B0365 /* QuizListViewController.m in Sources */,
				1984C8141965D539003402CC /* CardEditViewController.m in Sources */,
				196021C919329569000234A3 /* User.m in Sources */,
				190A8F7E1960ADC700586435 /* FriendPickerDelegate.m in Sources */,
				198C09A318CC4A3A000C00E2 /* CardTableView.m in Sources */,
				195CEA5D193731C00044C52B /* FacebookSessionManager.m in Sources */,
				19C500101936A16E002AABBD /* StackServer+Helpers.m in Sources */,
				198C09AC18CC4F10000C00E2 /* UIView+LayoutHelpers.m in Sources */,
				195CEA6019376E030044C52B /* StackListViewController.m in Sources */,
				198C09A618CC4A4A000C00E2 /* CardCell.m in Sources */,
				195CEA6619376E790044C52B /* StackListTableViewCell.m in Sources */,
			);
			runOnlyForDeploymentPostprocessing = 0;
		};
		19D120DA1935CA5D00EECE71 /* Sources */ = {
			isa = PBXSourcesBuildPhase;
			buildActionMask = 2147483647;
			files = (
				19C5FFF819368EF5002AABBD /* KarenStackTests.m in Sources */,
				19C5FFF619368D24002AABBD /* User+Helpers.m in Sources */,
				19C5FFF519368584002AABBD /* User.m in Sources */,
				19C5FFF11936360A002AABBD /* NSManagedObject+JSONParsable.m in Sources */,
				19C5FFF919368F64002AABBD /* Stack+Helpers.m in Sources */,
				19C5000519369413002AABBD /* StackServer.m in Sources */,
				19C500111936A16E002AABBD /* StackServer+Helpers.m in Sources */,
				19D120F01935CC5100EECE71 /* KartenUserTests.m in Sources */,
				19BC93B01935CD2900CC8725 /* TestUtils.m in Sources */,
			);
			runOnlyForDeploymentPostprocessing = 0;
		};
		19F7ACBE196935FE00B56B97 /* Sources */ = {
			isa = PBXSourcesBuildPhase;
			buildActionMask = 2147483647;
			files = (
				19F7ACCA196935FE00B56B97 /* AppDelegate.m in Sources */,
				19F7ACC7196935FE00B56B97 /* main.m in Sources */,
			);
			runOnlyForDeploymentPostprocessing = 0;
		};
		19F7ACD0196935FE00B56B97 /* Sources */ = {
			isa = PBXSourcesBuildPhase;
			buildActionMask = 2147483647;
			files = (
				19F7ACDB196935FE00B56B97 /* KartenDeskTests.m in Sources */,
			);
			runOnlyForDeploymentPostprocessing = 0;
		};
/* End PBXSourcesBuildPhase section */

/* Begin PBXTargetDependency section */
		194F972419541FD200B184D6 /* PBXTargetDependency */ = {
			isa = PBXTargetDependency;
			name = "facebook-ios-sdk";
			targetProxy = 194F972319541FD200B184D6 /* PBXContainerItemProxy */;
		};
		19D120EC1935CA5D00EECE71 /* PBXTargetDependency */ = {
			isa = PBXTargetDependency;
			target = 198C095D18CC3F5F000C00E2 /* Karten */;
			targetProxy = 19D120EB1935CA5D00EECE71 /* PBXContainerItemProxy */;
		};
		19F7ACD6196935FE00B56B97 /* PBXTargetDependency */ = {
			isa = PBXTargetDependency;
			target = 19F7ACC1196935FE00B56B97 /* KartenDesk */;
			targetProxy = 19F7ACD5196935FE00B56B97 /* PBXContainerItemProxy */;
		};
/* End PBXTargetDependency section */

/* Begin PBXVariantGroup section */
		196021E119329CDF000234A3 /* InfoPlist.strings */ = {
			isa = PBXVariantGroup;
			children = (
				196021E219329CDF000234A3 /* en */,
			);
			name = InfoPlist.strings;
			sourceTree = "<group>";
		};
		198C096C18CC3F5F000C00E2 /* InfoPlist.strings */ = {
			isa = PBXVariantGroup;
			children = (
				198C096D18CC3F5F000C00E2 /* en */,
			);
			name = InfoPlist.strings;
			sourceTree = "<group>";
		};
		19F7ACCD196935FE00B56B97 /* MainMenu.xib */ = {
			isa = PBXVariantGroup;
			children = (
				19F7ACCE196935FE00B56B97 /* Base */,
			);
			name = MainMenu.xib;
			sourceTree = "<group>";
		};
/* End PBXVariantGroup section */

/* Begin XCBuildConfiguration section */
		198C098E18CC3F5F000C00E2 /* Debug */ = {
			isa = XCBuildConfiguration;
			buildSettings = {
				ALWAYS_SEARCH_USER_PATHS = NO;
				ARCHS = "$(ARCHS_STANDARD_INCLUDING_64_BIT)";
				CLANG_CXX_LANGUAGE_STANDARD = "gnu++0x";
				CLANG_CXX_LIBRARY = "libc++";
				CLANG_ENABLE_MODULES = YES;
				CLANG_ENABLE_OBJC_ARC = YES;
				CLANG_WARN_BOOL_CONVERSION = YES;
				CLANG_WARN_CONSTANT_CONVERSION = YES;
				CLANG_WARN_DIRECT_OBJC_ISA_USAGE = YES_ERROR;
				CLANG_WARN_EMPTY_BODY = YES;
				CLANG_WARN_ENUM_CONVERSION = YES;
				CLANG_WARN_INT_CONVERSION = YES;
				CLANG_WARN_OBJC_ROOT_CLASS = YES_ERROR;
				CLANG_WARN__DUPLICATE_METHOD_MATCH = YES;
				"CODE_SIGN_IDENTITY[sdk=iphoneos*]" = "iPhone Developer";
				COPY_PHASE_STRIP = NO;
				GCC_C_LANGUAGE_STANDARD = gnu99;
				GCC_DYNAMIC_NO_PIC = NO;
				GCC_OPTIMIZATION_LEVEL = 0;
				GCC_PREPROCESSOR_DEFINITIONS = (
					"DEBUG=1",
					"$(inherited)",
				);
				GCC_SYMBOLS_PRIVATE_EXTERN = NO;
				GCC_WARN_64_TO_32_BIT_CONVERSION = YES;
				GCC_WARN_ABOUT_RETURN_TYPE = YES_ERROR;
				GCC_WARN_UNDECLARED_SELECTOR = YES;
				GCC_WARN_UNINITIALIZED_AUTOS = YES;
				GCC_WARN_UNUSED_FUNCTION = YES;
				GCC_WARN_UNUSED_VARIABLE = YES;
				IPHONEOS_DEPLOYMENT_TARGET = 7.0;
				ONLY_ACTIVE_ARCH = YES;
				SDKROOT = iphoneos;
				TARGETED_DEVICE_FAMILY = "1,2";
			};
			name = Debug;
		};
		198C098F18CC3F5F000C00E2 /* Release */ = {
			isa = XCBuildConfiguration;
			buildSettings = {
				ALWAYS_SEARCH_USER_PATHS = NO;
				ARCHS = "$(ARCHS_STANDARD_INCLUDING_64_BIT)";
				CLANG_CXX_LANGUAGE_STANDARD = "gnu++0x";
				CLANG_CXX_LIBRARY = "libc++";
				CLANG_ENABLE_MODULES = YES;
				CLANG_ENABLE_OBJC_ARC = YES;
				CLANG_WARN_BOOL_CONVERSION = YES;
				CLANG_WARN_CONSTANT_CONVERSION = YES;
				CLANG_WARN_DIRECT_OBJC_ISA_USAGE = YES_ERROR;
				CLANG_WARN_EMPTY_BODY = YES;
				CLANG_WARN_ENUM_CONVERSION = YES;
				CLANG_WARN_INT_CONVERSION = YES;
				CLANG_WARN_OBJC_ROOT_CLASS = YES_ERROR;
				CLANG_WARN__DUPLICATE_METHOD_MATCH = YES;
				"CODE_SIGN_IDENTITY[sdk=iphoneos*]" = "iPhone Developer";
				COPY_PHASE_STRIP = YES;
				ENABLE_NS_ASSERTIONS = NO;
				GCC_C_LANGUAGE_STANDARD = gnu99;
				GCC_WARN_64_TO_32_BIT_CONVERSION = YES;
				GCC_WARN_ABOUT_RETURN_TYPE = YES_ERROR;
				GCC_WARN_UNDECLARED_SELECTOR = YES;
				GCC_WARN_UNINITIALIZED_AUTOS = YES;
				GCC_WARN_UNUSED_FUNCTION = YES;
				GCC_WARN_UNUSED_VARIABLE = YES;
				IPHONEOS_DEPLOYMENT_TARGET = 7.0;
				SDKROOT = iphoneos;
				TARGETED_DEVICE_FAMILY = "1,2";
				VALIDATE_PRODUCT = YES;
			};
			name = Release;
		};
		198C099118CC3F5F000C00E2 /* Debug */ = {
			isa = XCBuildConfiguration;
			baseConfigurationReference = 6258AB6A03404D34B77A0731 /* Pods-Karten.xcconfig */;
			buildSettings = {
				ARCHS = "$(ARCHS_STANDARD_32_BIT)";
				ASSETCATALOG_COMPILER_APPICON_NAME = AppIcon;
				ASSETCATALOG_COMPILER_LAUNCHIMAGE_NAME = LaunchImage;
				FRAMEWORK_SEARCH_PATHS = (
					"$(inherited)",
					"$(PROJECT_DIR)/Frameworks",
					/Users/akfreas/Documents/FacebookSDK,
					"\"$(SRCROOT)/Frameworks/facebook-ios-sdk/src\"",
				);
				GCC_PRECOMPILE_PREFIX_HEADER = YES;
				GCC_PREFIX_HEADER = "Karten/Karten-Prefix.pch";
				HEADER_SEARCH_PATHS = (
					"\"$(SRCROOT)/Frameworks/facebook-ios-sdk/src\"",
					"\"${PODS_ROOT}/Headers\"",
					"\"${PODS_ROOT}/Headers/AFNetworking\"",
					"\"${PODS_ROOT}/Headers/BlocksKit\"",
					"\"${PODS_ROOT}/Headers/BugSense\"",
					"\"${PODS_ROOT}/Headers/GoogleAnalytics-iOS-SDK\"",
					"\"${PODS_ROOT}/Headers/HexColors\"",
					"\"${PODS_ROOT}/Headers/MDCSwipeToChoose\"",
					"\"${PODS_ROOT}/Headers/MagicalRecord\"",
					"\"${PODS_ROOT}/Headers/RNBlurModalView\"",
					"\"${PODS_ROOT}/Headers/UIView+AutoLayout\"",
					"$(SDKROOT)/usr/include/libz",
				);
				INFOPLIST_FILE = "Karten/Karten-Info.plist";
				LIBRARY_SEARCH_PATHS = (
					"$(inherited)",
					"$(PROJECT_DIR)/Pods/build/Release-iphoneos",
				);
				PRODUCT_NAME = "$(TARGET_NAME)";
				PROVISIONING_PROFILE = "A79591FA-3D8A-4022-8F95-BE5F203CDEDE";
				SDKROOT = iphoneos7.1;
				WRAPPER_EXTENSION = app;
			};
			name = Debug;
		};
		198C099218CC3F5F000C00E2 /* Release */ = {
			isa = XCBuildConfiguration;
			baseConfigurationReference = 6258AB6A03404D34B77A0731 /* Pods-Karten.xcconfig */;
			buildSettings = {
				ARCHS = "$(ARCHS_STANDARD_32_BIT)";
				ASSETCATALOG_COMPILER_APPICON_NAME = AppIcon;
				ASSETCATALOG_COMPILER_LAUNCHIMAGE_NAME = LaunchImage;
				FRAMEWORK_SEARCH_PATHS = (
					"$(inherited)",
					"$(PROJECT_DIR)/Frameworks",
					/Users/akfreas/Documents/FacebookSDK,
					"\"$(SRCROOT)/Frameworks/facebook-ios-sdk/src\"",
				);
				GCC_PRECOMPILE_PREFIX_HEADER = YES;
				GCC_PREFIX_HEADER = "Karten/Karten-Prefix.pch";
				HEADER_SEARCH_PATHS = (
					"\"$(SRCROOT)/Frameworks/facebook-ios-sdk/src\"",
					"\"${PODS_ROOT}/Headers\"",
					"\"${PODS_ROOT}/Headers/AFNetworking\"",
					"\"${PODS_ROOT}/Headers/BlocksKit\"",
					"\"${PODS_ROOT}/Headers/BugSense\"",
					"\"${PODS_ROOT}/Headers/GoogleAnalytics-iOS-SDK\"",
					"\"${PODS_ROOT}/Headers/HexColors\"",
					"\"${PODS_ROOT}/Headers/MDCSwipeToChoose\"",
					"\"${PODS_ROOT}/Headers/MagicalRecord\"",
					"\"${PODS_ROOT}/Headers/RNBlurModalView\"",
					"\"${PODS_ROOT}/Headers/UIView+AutoLayout\"",
					"$(SDKROOT)/usr/include/libz",
				);
				INFOPLIST_FILE = "Karten/Karten-Info.plist";
				LIBRARY_SEARCH_PATHS = (
					"$(inherited)",
					"$(PROJECT_DIR)/Pods/build/Release-iphoneos",
				);
				PRODUCT_NAME = "$(TARGET_NAME)";
				PROVISIONING_PROFILE = "A79591FA-3D8A-4022-8F95-BE5F203CDEDE";
				SDKROOT = iphoneos7.1;
				WRAPPER_EXTENSION = app;
			};
			name = Release;
		};
		19D120EE1935CA5D00EECE71 /* Debug */ = {
			isa = XCBuildConfiguration;
			baseConfigurationReference = E3856CC703A84A97816E6A96 /* Pods-KartenUnitTests.xcconfig */;
			buildSettings = {
				BUNDLE_LOADER = "$(BUILT_PRODUCTS_DIR)/Karten.app/Karten";
				FRAMEWORK_SEARCH_PATHS = (
					"$(SDKROOT)/Developer/Library/Frameworks",
					"$(inherited)",
					"$(DEVELOPER_FRAMEWORKS_DIR)",
				);
				GCC_PRECOMPILE_PREFIX_HEADER = YES;
				GCC_PREFIX_HEADER = "KartenUnitTests/KartenUnitTests-Prefix.pch";
				GCC_PREPROCESSOR_DEFINITIONS = (
					"DEBUG=1",
					"$(inherited)",
				);
				GCC_WARN_UNINITIALIZED_AUTOS = YES_AGGRESSIVE;
				INFOPLIST_FILE = "KartenUnitTests/KartenUnitTests-Info.plist";
				IPHONEOS_DEPLOYMENT_TARGET = 7.1;
				ONLY_ACTIVE_ARCH = NO;
				PRODUCT_NAME = "$(TARGET_NAME)";
				TEST_HOST = "$(BUNDLE_LOADER)";
				VALID_ARCHS = "armv7 armv7s";
				WRAPPER_EXTENSION = xctest;
			};
			name = Debug;
		};
		19D120EF1935CA5D00EECE71 /* Release */ = {
			isa = XCBuildConfiguration;
			baseConfigurationReference = E3856CC703A84A97816E6A96 /* Pods-KartenUnitTests.xcconfig */;
			buildSettings = {
				BUNDLE_LOADER = "$(BUILT_PRODUCTS_DIR)/Karten.app/Karten";
				FRAMEWORK_SEARCH_PATHS = (
					"$(SDKROOT)/Developer/Library/Frameworks",
					"$(inherited)",
					"$(DEVELOPER_FRAMEWORKS_DIR)",
				);
				GCC_PRECOMPILE_PREFIX_HEADER = YES;
				GCC_PREFIX_HEADER = "KartenUnitTests/KartenUnitTests-Prefix.pch";
				GCC_WARN_UNINITIALIZED_AUTOS = YES_AGGRESSIVE;
				INFOPLIST_FILE = "KartenUnitTests/KartenUnitTests-Info.plist";
				IPHONEOS_DEPLOYMENT_TARGET = 7.1;
				ONLY_ACTIVE_ARCH = NO;
				PRODUCT_NAME = "$(TARGET_NAME)";
				TEST_HOST = "$(BUNDLE_LOADER)";
				VALID_ARCHS = "armv7 armv7s";
				WRAPPER_EXTENSION = xctest;
			};
			name = Release;
		};
		19F7ACDC196935FE00B56B97 /* Debug */ = {
			isa = XCBuildConfiguration;
			buildSettings = {
				ASSETCATALOG_COMPILER_APPICON_NAME = AppIcon;
				CLANG_WARN_UNREACHABLE_CODE = YES;
				CODE_SIGN_IDENTITY = "-";
				COMBINE_HIDPI_IMAGES = YES;
				ENABLE_STRICT_OBJC_MSGSEND = YES;
				GCC_PREPROCESSOR_DEFINITIONS = (
					"DEBUG=1",
					"$(inherited)",
				);
				GCC_WARN_UNINITIALIZED_AUTOS = YES_AGGRESSIVE;
				INFOPLIST_FILE = KartenDesk/Info.plist;
				LD_RUNPATH_SEARCH_PATHS = "$(inherited) @executable_path/../Frameworks";
				MACOSX_DEPLOYMENT_TARGET = 10.9;
				METAL_ENABLE_DEBUG_INFO = YES;
				PRODUCT_NAME = "$(TARGET_NAME)";
				SDKROOT = macosx;
			};
			name = Debug;
		};
		19F7ACDD196935FE00B56B97 /* Release */ = {
			isa = XCBuildConfiguration;
			buildSettings = {
				ASSETCATALOG_COMPILER_APPICON_NAME = AppIcon;
				CLANG_WARN_UNREACHABLE_CODE = YES;
				CODE_SIGN_IDENTITY = "-";
				COMBINE_HIDPI_IMAGES = YES;
				DEBUG_INFORMATION_FORMAT = "dwarf-with-dsym";
				ENABLE_STRICT_OBJC_MSGSEND = YES;
				GCC_WARN_UNINITIALIZED_AUTOS = YES_AGGRESSIVE;
				INFOPLIST_FILE = KartenDesk/Info.plist;
				LD_RUNPATH_SEARCH_PATHS = "$(inherited) @executable_path/../Frameworks";
				MACOSX_DEPLOYMENT_TARGET = 10.9;
				METAL_ENABLE_DEBUG_INFO = NO;
				PRODUCT_NAME = "$(TARGET_NAME)";
				SDKROOT = macosx;
			};
			name = Release;
		};
		19F7ACDE196935FE00B56B97 /* Debug */ = {
			isa = XCBuildConfiguration;
			buildSettings = {
				BUNDLE_LOADER = "$(BUILT_PRODUCTS_DIR)/KartenDesk.app/Contents/MacOS/KartenDesk";
				CLANG_WARN_UNREACHABLE_CODE = YES;
				COMBINE_HIDPI_IMAGES = YES;
				ENABLE_STRICT_OBJC_MSGSEND = YES;
				FRAMEWORK_SEARCH_PATHS = (
					"$(DEVELOPER_FRAMEWORKS_DIR)",
					"$(inherited)",
				);
				GCC_PREPROCESSOR_DEFINITIONS = (
					"DEBUG=1",
					"$(inherited)",
				);
				GCC_WARN_UNINITIALIZED_AUTOS = YES_AGGRESSIVE;
				INFOPLIST_FILE = KartenDeskTests/Info.plist;
				LD_RUNPATH_SEARCH_PATHS = "$(inherited) @executable_path/../Frameworks @loader_path/../Frameworks";
				MACOSX_DEPLOYMENT_TARGET = 10.9;
				METAL_ENABLE_DEBUG_INFO = YES;
				PRODUCT_NAME = "$(TARGET_NAME)";
				SDKROOT = macosx;
				TEST_HOST = "$(BUNDLE_LOADER)";
			};
			name = Debug;
		};
		19F7ACDF196935FE00B56B97 /* Release */ = {
			isa = XCBuildConfiguration;
			buildSettings = {
				BUNDLE_LOADER = "$(BUILT_PRODUCTS_DIR)/KartenDesk.app/Contents/MacOS/KartenDesk";
				CLANG_WARN_UNREACHABLE_CODE = YES;
				COMBINE_HIDPI_IMAGES = YES;
				DEBUG_INFORMATION_FORMAT = "dwarf-with-dsym";
				ENABLE_STRICT_OBJC_MSGSEND = YES;
				FRAMEWORK_SEARCH_PATHS = (
					"$(DEVELOPER_FRAMEWORKS_DIR)",
					"$(inherited)",
				);
				GCC_WARN_UNINITIALIZED_AUTOS = YES_AGGRESSIVE;
				INFOPLIST_FILE = KartenDeskTests/Info.plist;
				LD_RUNPATH_SEARCH_PATHS = "$(inherited) @executable_path/../Frameworks @loader_path/../Frameworks";
				MACOSX_DEPLOYMENT_TARGET = 10.9;
				METAL_ENABLE_DEBUG_INFO = NO;
				PRODUCT_NAME = "$(TARGET_NAME)";
				SDKROOT = macosx;
				TEST_HOST = "$(BUNDLE_LOADER)";
			};
			name = Release;
		};
/* End XCBuildConfiguration section */

/* Begin XCConfigurationList section */
		198C095918CC3F5F000C00E2 /* Build configuration list for PBXProject "Karten" */ = {
			isa = XCConfigurationList;
			buildConfigurations = (
				198C098E18CC3F5F000C00E2 /* Debug */,
				198C098F18CC3F5F000C00E2 /* Release */,
			);
			defaultConfigurationIsVisible = 0;
			defaultConfigurationName = Release;
		};
		198C099018CC3F5F000C00E2 /* Build configuration list for PBXNativeTarget "Karten" */ = {
			isa = XCConfigurationList;
			buildConfigurations = (
				198C099118CC3F5F000C00E2 /* Debug */,
				198C099218CC3F5F000C00E2 /* Release */,
			);
			defaultConfigurationIsVisible = 0;
			defaultConfigurationName = Release;
		};
		19D120ED1935CA5D00EECE71 /* Build configuration list for PBXNativeTarget "KartenUnitTests" */ = {
			isa = XCConfigurationList;
			buildConfigurations = (
				19D120EE1935CA5D00EECE71 /* Debug */,
				19D120EF1935CA5D00EECE71 /* Release */,
			);
			defaultConfigurationIsVisible = 0;
			defaultConfigurationName = Release;
		};
		19F7ACE4196935FE00B56B97 /* Build configuration list for PBXNativeTarget "KartenDesk" */ = {
			isa = XCConfigurationList;
			buildConfigurations = (
				19F7ACDC196935FE00B56B97 /* Debug */,
				19F7ACDD196935FE00B56B97 /* Release */,
			);
			defaultConfigurationIsVisible = 0;
		};
		19F7ACE5196935FE00B56B97 /* Build configuration list for PBXNativeTarget "KartenDeskTests" */ = {
			isa = XCConfigurationList;
			buildConfigurations = (
				19F7ACDE196935FE00B56B97 /* Debug */,
				19F7ACDF196935FE00B56B97 /* Release */,
			);
			defaultConfigurationIsVisible = 0;
		};
/* End XCConfigurationList section */

/* Begin XCVersionGroup section */
		19C9331F1905BFF10075FA49 /* KartenModel.xcdatamodeld */ = {
			isa = XCVersionGroup;
			children = (
				19C933201905BFF10075FA49 /* KartenModel.xcdatamodel */,
			);
			currentVersion = 19C933201905BFF10075FA49 /* KartenModel.xcdatamodel */;
			name = KartenModel.xcdatamodeld;
			path = Resources/KartenModel.xcdatamodeld;
			sourceTree = "<group>";
			versionGroupType = wrapper.xcdatamodel;
		};
/* End XCVersionGroup section */
	};
	rootObject = 198C095618CC3F5F000C00E2 /* Project object */;
}
